// !$*UTF8*$!
{
	archiveVersion = 1;
	classes = {
	};
	objectVersion = 46;
	objects = {

/* Begin PBXBuildFile section */
		5017F3861A93932400E5BFBF /* RMXValue.swift in Sources */ = {isa = PBXBuildFile; fileRef = 5017F3851A93932400E5BFBF /* RMXValue.swift */; };
		5017F3871A93BF6800E5BFBF /* RMXValue.swift in Sources */ = {isa = PBXBuildFile; fileRef = 5017F3851A93932400E5BFBF /* RMXValue.swift */; };
		5017F3881A93BF6800E5BFBF /* RMXValue.swift in Sources */ = {isa = PBXBuildFile; fileRef = 5017F3851A93932400E5BFBF /* RMXValue.swift */; };
		5017F3891A93BF6900E5BFBF /* RMXValue.swift in Sources */ = {isa = PBXBuildFile; fileRef = 5017F3851A93932400E5BFBF /* RMXValue.swift */; };
		506022F31A9341BE0099950D /* RMXGyro.swift in Sources */ = {isa = PBXBuildFile; fileRef = 506022F21A9341BE0099950D /* RMXGyro.swift */; };
		506022F41A9343230099950D /* RMXGyro.swift in Sources */ = {isa = PBXBuildFile; fileRef = 506022F21A9341BE0099950D /* RMXGyro.swift */; };
		506022F51A9343240099950D /* RMXGyro.swift in Sources */ = {isa = PBXBuildFile; fileRef = 506022F21A9341BE0099950D /* RMXGyro.swift */; };
		506022F61A9343250099950D /* RMXGyro.swift in Sources */ = {isa = PBXBuildFile; fileRef = 506022F21A9341BE0099950D /* RMXGyro.swift */; };
		50639E8B1A92BE4C00A94E5C /* AppDelegate.swift in Sources */ = {isa = PBXBuildFile; fileRef = 50639E8A1A92BE4C00A94E5C /* AppDelegate.swift */; };
		50639E8D1A92BE4C00A94E5C /* Shader.fsh in Resources */ = {isa = PBXBuildFile; fileRef = 50639E8C1A92BE4C00A94E5C /* Shader.fsh */; };
		50639E8F1A92BE4C00A94E5C /* Shader.vsh in Resources */ = {isa = PBXBuildFile; fileRef = 50639E8E1A92BE4C00A94E5C /* Shader.vsh */; };
		50639E911A92BE4C00A94E5C /* GameViewController.swift in Sources */ = {isa = PBXBuildFile; fileRef = 50639E901A92BE4C00A94E5C /* GameViewController.swift */; };
		50639E941A92BE4C00A94E5C /* Main.storyboard in Resources */ = {isa = PBXBuildFile; fileRef = 50639E921A92BE4C00A94E5C /* Main.storyboard */; };
		50639E961A92BE4C00A94E5C /* Images.xcassets in Resources */ = {isa = PBXBuildFile; fileRef = 50639E951A92BE4C00A94E5C /* Images.xcassets */; };
		50639E991A92BE4C00A94E5C /* LaunchScreen.xib in Resources */ = {isa = PBXBuildFile; fileRef = 50639E971A92BE4C00A94E5C /* LaunchScreen.xib */; };
		50639EA51A92BE4C00A94E5C /* OpenGLESTests.swift in Sources */ = {isa = PBXBuildFile; fileRef = 50639EA41A92BE4C00A94E5C /* OpenGLESTests.swift */; };
		50639EAD1A92BE7000A94E5C /* RMXSprite.swift in Sources */ = {isa = PBXBuildFile; fileRef = 50DC37C11A925BFD006F7DFF /* RMXSprite.swift */; };
		50639EAE1A92BE7400A94E5C /* RMXController.swift in Sources */ = {isa = PBXBuildFile; fileRef = 50BEB6861A9291CD00E287A8 /* RMXController.swift */; };
		50639EB01A92BE7400A94E5C /* RMXMaths.swift in Sources */ = {isa = PBXBuildFile; fileRef = 50DC37BF1A924D12006F7DFF /* RMXMaths.swift */; };
		50639EB11A92BE7400A94E5C /* RMXWorld.swift in Sources */ = {isa = PBXBuildFile; fileRef = 50DC37B51A9242D2006F7DFF /* RMXWorld.swift */; };
		50639EB21A92BE7400A94E5C /* RMXParticleProtocols.swift in Sources */ = {isa = PBXBuildFile; fileRef = 50DC37BD1A924BF8006F7DFF /* RMXParticleProtocols.swift */; };
		50639EB31A92BE7400A94E5C /* RMXPhysics.swift in Sources */ = {isa = PBXBuildFile; fileRef = 50DC37C31A926C56006F7DFF /* RMXPhysics.swift */; };
		50639EBE1A92C00000A94E5C /* AppDelegate.swift in Sources */ = {isa = PBXBuildFile; fileRef = 50639EBD1A92C00000A94E5C /* AppDelegate.swift */; };
		50639EC01A92C00100A94E5C /* art.scnassets in Resources */ = {isa = PBXBuildFile; fileRef = 50639EBF1A92C00100A94E5C /* art.scnassets */; };
		50639EC21A92C00100A94E5C /* GameViewController.swift in Sources */ = {isa = PBXBuildFile; fileRef = 50639EC11A92C00100A94E5C /* GameViewController.swift */; };
		50639EC51A92C00100A94E5C /* Main.storyboard in Resources */ = {isa = PBXBuildFile; fileRef = 50639EC31A92C00100A94E5C /* Main.storyboard */; };
		50639EC71A92C00100A94E5C /* Images.xcassets in Resources */ = {isa = PBXBuildFile; fileRef = 50639EC61A92C00100A94E5C /* Images.xcassets */; };
		50639ECA1A92C00100A94E5C /* LaunchScreen.xib in Resources */ = {isa = PBXBuildFile; fileRef = 50639EC81A92C00100A94E5C /* LaunchScreen.xib */; };
		50639ED61A92C00100A94E5C /* SKEENkitTests.swift in Sources */ = {isa = PBXBuildFile; fileRef = 50639ED51A92C00100A94E5C /* SKEENkitTests.swift */; };
		50639EDD1A92C0C900A94E5C /* RMXSprite.swift in Sources */ = {isa = PBXBuildFile; fileRef = 50DC37C11A925BFD006F7DFF /* RMXSprite.swift */; };
		50639EDE1A92C0C900A94E5C /* RMXController.swift in Sources */ = {isa = PBXBuildFile; fileRef = 50BEB6861A9291CD00E287A8 /* RMXController.swift */; };
		50639EE01A92C0C900A94E5C /* RMXMaths.swift in Sources */ = {isa = PBXBuildFile; fileRef = 50DC37BF1A924D12006F7DFF /* RMXMaths.swift */; };
		50639EE11A92C0C900A94E5C /* RMXWorld.swift in Sources */ = {isa = PBXBuildFile; fileRef = 50DC37B51A9242D2006F7DFF /* RMXWorld.swift */; };
		50639EE21A92C0C900A94E5C /* RMXParticleProtocols.swift in Sources */ = {isa = PBXBuildFile; fileRef = 50DC37BD1A924BF8006F7DFF /* RMXParticleProtocols.swift */; };
		50639EE31A92C0C900A94E5C /* RMXPhysics.swift in Sources */ = {isa = PBXBuildFile; fileRef = 50DC37C31A926C56006F7DFF /* RMXPhysics.swift */; };
		50639EED1A92C51B00A94E5C /* AppDelegate.swift in Sources */ = {isa = PBXBuildFile; fileRef = 50639EEC1A92C51B00A94E5C /* AppDelegate.swift */; };
		50639EEF1A92C51B00A94E5C /* GameScene.sks in Resources */ = {isa = PBXBuildFile; fileRef = 50639EEE1A92C51B00A94E5C /* GameScene.sks */; };
		50639EF11A92C51B00A94E5C /* GameScene.swift in Sources */ = {isa = PBXBuildFile; fileRef = 50639EF01A92C51B00A94E5C /* GameScene.swift */; };
		50639EF31A92C51B00A94E5C /* GameViewController.swift in Sources */ = {isa = PBXBuildFile; fileRef = 50639EF21A92C51B00A94E5C /* GameViewController.swift */; };
		50639EF61A92C51B00A94E5C /* Main.storyboard in Resources */ = {isa = PBXBuildFile; fileRef = 50639EF41A92C51B00A94E5C /* Main.storyboard */; };
		50639EF81A92C51B00A94E5C /* Images.xcassets in Resources */ = {isa = PBXBuildFile; fileRef = 50639EF71A92C51B00A94E5C /* Images.xcassets */; };
		50639EFB1A92C51B00A94E5C /* LaunchScreen.xib in Resources */ = {isa = PBXBuildFile; fileRef = 50639EF91A92C51B00A94E5C /* LaunchScreen.xib */; };
		50639F071A92C51B00A94E5C /* SPReeeeEEETKitTests.swift in Sources */ = {isa = PBXBuildFile; fileRef = 50639F061A92C51B00A94E5C /* SPReeeeEEETKitTests.swift */; };
		50639F0E1A92C52E00A94E5C /* RMXSprite.swift in Sources */ = {isa = PBXBuildFile; fileRef = 50DC37C11A925BFD006F7DFF /* RMXSprite.swift */; };
		50639F0F1A92C52E00A94E5C /* RMXController.swift in Sources */ = {isa = PBXBuildFile; fileRef = 50BEB6861A9291CD00E287A8 /* RMXController.swift */; };
		50639F111A92C52E00A94E5C /* RMXMaths.swift in Sources */ = {isa = PBXBuildFile; fileRef = 50DC37BF1A924D12006F7DFF /* RMXMaths.swift */; };
		50639F121A92C52E00A94E5C /* RMXWorld.swift in Sources */ = {isa = PBXBuildFile; fileRef = 50DC37B51A9242D2006F7DFF /* RMXWorld.swift */; };
		50639F131A92C52E00A94E5C /* RMXParticleProtocols.swift in Sources */ = {isa = PBXBuildFile; fileRef = 50DC37BD1A924BF8006F7DFF /* RMXParticleProtocols.swift */; };
		50639F141A92C52E00A94E5C /* RMXPhysics.swift in Sources */ = {isa = PBXBuildFile; fileRef = 50DC37C31A926C56006F7DFF /* RMXPhysics.swift */; };
		50639F1F1A92C9C800A94E5C /* kernal.c in Sources */ = {isa = PBXBuildFile; fileRef = 50639F1E1A92C9C800A94E5C /* kernal.c */; };
		50B86F181A950BE7005D453C /* libRMX.a in Frameworks */ = {isa = PBXBuildFile; fileRef = 50B86F0D1A950BE7005D453C /* libRMX.a */; };
		50B86F2E1A950C30005D453C /* RMXKit.h in Headers */ = {isa = PBXBuildFile; fileRef = 50B86F2D1A950C30005D453C /* RMXKit.h */; settings = {ATTRIBUTES = (Public, ); }; };
		50B86F341A950C30005D453C /* RMXKit.framework in Frameworks */ = {isa = PBXBuildFile; fileRef = 50B86F291A950C30005D453C /* RMXKit.framework */; };
		50B86F3B1A950C30005D453C /* RMXKitTests.swift in Sources */ = {isa = PBXBuildFile; fileRef = 50B86F3A1A950C30005D453C /* RMXKitTests.swift */; };
		50B86F441A950C65005D453C /* RMXDebugger.swift in Sources */ = {isa = PBXBuildFile; fileRef = 50BEB6831A928B0300E287A8 /* RMXDebugger.swift */; };
		50B86F571A951827005D453C /* UIKit.framework in Frameworks */ = {isa = PBXBuildFile; fileRef = 50B86F561A951827005D453C /* UIKit.framework */; };
		50B86F591A95182E005D453C /* CoreMotion.framework in Frameworks */ = {isa = PBXBuildFile; fileRef = 50B86F581A95182E005D453C /* CoreMotion.framework */; };
		50B86F5B1A951851005D453C /* SceneKit.framework in Frameworks */ = {isa = PBXBuildFile; fileRef = 50B86F5A1A951851005D453C /* SceneKit.framework */; };
		50B86F5F1A95197C005D453C /* RMXPhysics.swift in Sources */ = {isa = PBXBuildFile; fileRef = 50DC37C31A926C56006F7DFF /* RMXPhysics.swift */; };
		50B86FB91A952AE9005D453C /* RMXDebugger.swift in Sources */ = {isa = PBXBuildFile; fileRef = 50BEB6831A928B0300E287A8 /* RMXDebugger.swift */; };
		50BEB6851A928C9000E287A8 /* RMXWorld.swift in Sources */ = {isa = PBXBuildFile; fileRef = 50DC37B51A9242D2006F7DFF /* RMXWorld.swift */; };
		50BEB6871A9291CD00E287A8 /* RMXController.swift in Sources */ = {isa = PBXBuildFile; fileRef = 50BEB6861A9291CD00E287A8 /* RMXController.swift */; };
		50D113211A947F7F00CC4FE8 /* TheAds.swift in Sources */ = {isa = PBXBuildFile; fileRef = 50D113201A947F7F00CC4FE8 /* TheAds.swift */; };
		50DC378F1A923D85006F7DFF /* AppDelegate.swift in Sources */ = {isa = PBXBuildFile; fileRef = 50DC378E1A923D85006F7DFF /* AppDelegate.swift */; };
		50DC37911A923D85006F7DFF /* GameViewController.swift in Sources */ = {isa = PBXBuildFile; fileRef = 50DC37901A923D85006F7DFF /* GameViewController.swift */; };
		50DC37931A923D85006F7DFF /* Shaders.metal in Sources */ = {isa = PBXBuildFile; fileRef = 50DC37921A923D85006F7DFF /* Shaders.metal */; };
		50DC37961A923D85006F7DFF /* Main.storyboard in Resources */ = {isa = PBXBuildFile; fileRef = 50DC37941A923D85006F7DFF /* Main.storyboard */; };
		50DC37981A923D85006F7DFF /* Images.xcassets in Resources */ = {isa = PBXBuildFile; fileRef = 50DC37971A923D85006F7DFF /* Images.xcassets */; };
		50DC379B1A923D85006F7DFF /* LaunchScreen.xib in Resources */ = {isa = PBXBuildFile; fileRef = 50DC37991A923D85006F7DFF /* LaunchScreen.xib */; };
		50DC37A71A923D85006F7DFF /* OC_to_Swift_oGLTests.swift in Sources */ = {isa = PBXBuildFile; fileRef = 50DC37A61A923D85006F7DFF /* OC_to_Swift_oGLTests.swift */; };
		50DC37B11A923DB7006F7DFF /* OpenGL 2.1 (OC) in Resources */ = {isa = PBXBuildFile; fileRef = 50DC37B01A923DB7006F7DFF /* OpenGL 2.1 (OC) */; };
		50DC37B41A923E5A006F7DFF /* RattleOC.m in Sources */ = {isa = PBXBuildFile; fileRef = 50DC37B31A923E5A006F7DFF /* RattleOC.m */; };
		50DC37B81A924A59006F7DFF /* QuartzCore.framework in Frameworks */ = {isa = PBXBuildFile; fileRef = 50DC37B71A924A59006F7DFF /* QuartzCore.framework */; };
		50DC37BA1A924A62006F7DFF /* Metal.framework in Frameworks */ = {isa = PBXBuildFile; fileRef = 50DC37B91A924A62006F7DFF /* Metal.framework */; };
		50DC37BC1A924A6A006F7DFF /* GLKit.framework in Frameworks */ = {isa = PBXBuildFile; fileRef = 50DC37BB1A924A6A006F7DFF /* GLKit.framework */; };
		50DC37BE1A924BF8006F7DFF /* RMXParticleProtocols.swift in Sources */ = {isa = PBXBuildFile; fileRef = 50DC37BD1A924BF8006F7DFF /* RMXParticleProtocols.swift */; };
		50DC37C01A924D12006F7DFF /* RMXMaths.swift in Sources */ = {isa = PBXBuildFile; fileRef = 50DC37BF1A924D12006F7DFF /* RMXMaths.swift */; };
		50DC37C21A925BFD006F7DFF /* RMXSprite.swift in Sources */ = {isa = PBXBuildFile; fileRef = 50DC37C11A925BFD006F7DFF /* RMXSprite.swift */; };
		50DC37C41A926C56006F7DFF /* RMXPhysics.swift in Sources */ = {isa = PBXBuildFile; fileRef = 50DC37C31A926C56006F7DFF /* RMXPhysics.swift */; };
/* End PBXBuildFile section */

/* Begin PBXContainerItemProxy section */
		50639E9F1A92BE4C00A94E5C /* PBXContainerItemProxy */ = {
			isa = PBXContainerItemProxy;
			containerPortal = 50DC37811A923D85006F7DFF /* Project object */;
			proxyType = 1;
			remoteGlobalIDString = 50639E851A92BE4C00A94E5C;
			remoteInfo = OpenGLES;
		};
		50639ED01A92C00100A94E5C /* PBXContainerItemProxy */ = {
			isa = PBXContainerItemProxy;
			containerPortal = 50DC37811A923D85006F7DFF /* Project object */;
			proxyType = 1;
			remoteGlobalIDString = 50639EB81A92C00000A94E5C;
			remoteInfo = SKEENkit;
		};
		50639F011A92C51B00A94E5C /* PBXContainerItemProxy */ = {
			isa = PBXContainerItemProxy;
			containerPortal = 50DC37811A923D85006F7DFF /* Project object */;
			proxyType = 1;
			remoteGlobalIDString = 50639EE71A92C51B00A94E5C;
			remoteInfo = SPReeeeEEETKit;
		};
		50B86F191A950BE7005D453C /* PBXContainerItemProxy */ = {
			isa = PBXContainerItemProxy;
			containerPortal = 50DC37811A923D85006F7DFF /* Project object */;
			proxyType = 1;
			remoteGlobalIDString = 50B86F0C1A950BE7005D453C;
			remoteInfo = RMX;
		};
		50B86F351A950C30005D453C /* PBXContainerItemProxy */ = {
			isa = PBXContainerItemProxy;
			containerPortal = 50DC37811A923D85006F7DFF /* Project object */;
			proxyType = 1;
			remoteGlobalIDString = 50B86F281A950C30005D453C;
			remoteInfo = RMXKit;
		};
		50DC37A11A923D85006F7DFF /* PBXContainerItemProxy */ = {
			isa = PBXContainerItemProxy;
			containerPortal = 50DC37811A923D85006F7DFF /* Project object */;
			proxyType = 1;
			remoteGlobalIDString = 50DC37881A923D85006F7DFF;
			remoteInfo = "OC to Swift oGL";
		};
/* End PBXContainerItemProxy section */

/* Begin PBXFileReference section */
		5017F3851A93932400E5BFBF /* RMXValue.swift */ = {isa = PBXFileReference; fileEncoding = 4; lastKnownFileType = sourcecode.swift; path = RMXValue.swift; sourceTree = "<group>"; };
		506022F21A9341BE0099950D /* RMXGyro.swift */ = {isa = PBXFileReference; fileEncoding = 4; lastKnownFileType = sourcecode.swift; path = RMXGyro.swift; sourceTree = "<group>"; };
		50639E861A92BE4C00A94E5C /* OpenGLES.app */ = {isa = PBXFileReference; explicitFileType = wrapper.application; includeInIndex = 0; path = OpenGLES.app; sourceTree = BUILT_PRODUCTS_DIR; };
		50639E891A92BE4C00A94E5C /* Info.plist */ = {isa = PBXFileReference; lastKnownFileType = text.plist.xml; path = Info.plist; sourceTree = "<group>"; };
		50639E8A1A92BE4C00A94E5C /* AppDelegate.swift */ = {isa = PBXFileReference; lastKnownFileType = sourcecode.swift; path = AppDelegate.swift; sourceTree = "<group>"; };
		50639E8C1A92BE4C00A94E5C /* Shader.fsh */ = {isa = PBXFileReference; lastKnownFileType = sourcecode.glsl; name = Shader.fsh; path = Shaders/Shader.fsh; sourceTree = "<group>"; };
		50639E8E1A92BE4C00A94E5C /* Shader.vsh */ = {isa = PBXFileReference; lastKnownFileType = sourcecode.glsl; name = Shader.vsh; path = Shaders/Shader.vsh; sourceTree = "<group>"; };
		50639E901A92BE4C00A94E5C /* GameViewController.swift */ = {isa = PBXFileReference; lastKnownFileType = sourcecode.swift; path = GameViewController.swift; sourceTree = "<group>"; };
		50639E931A92BE4C00A94E5C /* Base */ = {isa = PBXFileReference; lastKnownFileType = file.storyboard; name = Base; path = Base.lproj/Main.storyboard; sourceTree = "<group>"; };
		50639E951A92BE4C00A94E5C /* Images.xcassets */ = {isa = PBXFileReference; lastKnownFileType = folder.assetcatalog; path = Images.xcassets; sourceTree = "<group>"; };
		50639E981A92BE4C00A94E5C /* Base */ = {isa = PBXFileReference; lastKnownFileType = file.xib; name = Base; path = Base.lproj/LaunchScreen.xib; sourceTree = "<group>"; };
		50639E9E1A92BE4C00A94E5C /* OpenGLESTests.xctest */ = {isa = PBXFileReference; explicitFileType = wrapper.cfbundle; includeInIndex = 0; path = OpenGLESTests.xctest; sourceTree = BUILT_PRODUCTS_DIR; };
		50639EA31A92BE4C00A94E5C /* Info.plist */ = {isa = PBXFileReference; lastKnownFileType = text.plist.xml; path = Info.plist; sourceTree = "<group>"; };
		50639EA41A92BE4C00A94E5C /* OpenGLESTests.swift */ = {isa = PBXFileReference; lastKnownFileType = sourcecode.swift; path = OpenGLESTests.swift; sourceTree = "<group>"; };
		50639EB91A92C00000A94E5C /* SKEENkit.app */ = {isa = PBXFileReference; explicitFileType = wrapper.application; includeInIndex = 0; path = SKEENkit.app; sourceTree = BUILT_PRODUCTS_DIR; };
		50639EBC1A92C00000A94E5C /* Info.plist */ = {isa = PBXFileReference; lastKnownFileType = text.plist.xml; path = Info.plist; sourceTree = "<group>"; };
		50639EBD1A92C00000A94E5C /* AppDelegate.swift */ = {isa = PBXFileReference; lastKnownFileType = sourcecode.swift; path = AppDelegate.swift; sourceTree = "<group>"; };
		50639EBF1A92C00100A94E5C /* art.scnassets */ = {isa = PBXFileReference; lastKnownFileType = wrapper.scnassets; path = art.scnassets; sourceTree = "<group>"; };
		50639EC11A92C00100A94E5C /* GameViewController.swift */ = {isa = PBXFileReference; lastKnownFileType = sourcecode.swift; path = GameViewController.swift; sourceTree = "<group>"; };
		50639EC41A92C00100A94E5C /* Base */ = {isa = PBXFileReference; lastKnownFileType = file.storyboard; name = Base; path = Base.lproj/Main.storyboard; sourceTree = "<group>"; };
		50639EC61A92C00100A94E5C /* Images.xcassets */ = {isa = PBXFileReference; lastKnownFileType = folder.assetcatalog; path = Images.xcassets; sourceTree = "<group>"; };
		50639EC91A92C00100A94E5C /* Base */ = {isa = PBXFileReference; lastKnownFileType = file.xib; name = Base; path = Base.lproj/LaunchScreen.xib; sourceTree = "<group>"; };
		50639ECF1A92C00100A94E5C /* SKEENkitTests.xctest */ = {isa = PBXFileReference; explicitFileType = wrapper.cfbundle; includeInIndex = 0; path = SKEENkitTests.xctest; sourceTree = BUILT_PRODUCTS_DIR; };
		50639ED41A92C00100A94E5C /* Info.plist */ = {isa = PBXFileReference; lastKnownFileType = text.plist.xml; path = Info.plist; sourceTree = "<group>"; };
		50639ED51A92C00100A94E5C /* SKEENkitTests.swift */ = {isa = PBXFileReference; lastKnownFileType = sourcecode.swift; path = SKEENkitTests.swift; sourceTree = "<group>"; };
		50639EE81A92C51B00A94E5C /* SPReeeeEEETKit.app */ = {isa = PBXFileReference; explicitFileType = wrapper.application; includeInIndex = 0; path = SPReeeeEEETKit.app; sourceTree = BUILT_PRODUCTS_DIR; };
		50639EEB1A92C51B00A94E5C /* Info.plist */ = {isa = PBXFileReference; lastKnownFileType = text.plist.xml; path = Info.plist; sourceTree = "<group>"; };
		50639EEC1A92C51B00A94E5C /* AppDelegate.swift */ = {isa = PBXFileReference; lastKnownFileType = sourcecode.swift; path = AppDelegate.swift; sourceTree = "<group>"; };
		50639EEE1A92C51B00A94E5C /* GameScene.sks */ = {isa = PBXFileReference; lastKnownFileType = file.sks; path = GameScene.sks; sourceTree = "<group>"; };
		50639EF01A92C51B00A94E5C /* GameScene.swift */ = {isa = PBXFileReference; lastKnownFileType = sourcecode.swift; path = GameScene.swift; sourceTree = "<group>"; };
		50639EF21A92C51B00A94E5C /* GameViewController.swift */ = {isa = PBXFileReference; lastKnownFileType = sourcecode.swift; path = GameViewController.swift; sourceTree = "<group>"; };
		50639EF51A92C51B00A94E5C /* Base */ = {isa = PBXFileReference; lastKnownFileType = file.storyboard; name = Base; path = Base.lproj/Main.storyboard; sourceTree = "<group>"; };
		50639EF71A92C51B00A94E5C /* Images.xcassets */ = {isa = PBXFileReference; lastKnownFileType = folder.assetcatalog; path = Images.xcassets; sourceTree = "<group>"; };
		50639EFA1A92C51B00A94E5C /* Base */ = {isa = PBXFileReference; lastKnownFileType = file.xib; name = Base; path = Base.lproj/LaunchScreen.xib; sourceTree = "<group>"; };
		50639F001A92C51B00A94E5C /* SPReeeeEEETKitTests.xctest */ = {isa = PBXFileReference; explicitFileType = wrapper.cfbundle; includeInIndex = 0; path = SPReeeeEEETKitTests.xctest; sourceTree = BUILT_PRODUCTS_DIR; };
		50639F051A92C51B00A94E5C /* Info.plist */ = {isa = PBXFileReference; lastKnownFileType = text.plist.xml; path = Info.plist; sourceTree = "<group>"; };
		50639F061A92C51B00A94E5C /* SPReeeeEEETKitTests.swift */ = {isa = PBXFileReference; lastKnownFileType = sourcecode.swift; path = SPReeeeEEETKitTests.swift; sourceTree = "<group>"; };
		50639F1A1A92C9C800A94E5C /* kernal.kext */ = {isa = PBXFileReference; explicitFileType = wrapper.cfbundle; includeInIndex = 0; path = kernal.kext; sourceTree = BUILT_PRODUCTS_DIR; };
		50639F1D1A92C9C800A94E5C /* Info.plist */ = {isa = PBXFileReference; lastKnownFileType = text.plist.xml; path = Info.plist; sourceTree = "<group>"; };
		50639F1E1A92C9C800A94E5C /* kernal.c */ = {isa = PBXFileReference; lastKnownFileType = sourcecode.c.c; path = kernal.c; sourceTree = "<group>"; };
		50B86F081A94F216005D453C /* MyPlayground.playground */ = {isa = PBXFileReference; lastKnownFileType = file.playground; name = MyPlayground.playground; path = "../OC to Swift oGL/MyPlayground.playground"; sourceTree = "<group>"; };
		50B86F0D1A950BE7005D453C /* libRMX.a */ = {isa = PBXFileReference; explicitFileType = archive.ar; includeInIndex = 0; path = libRMX.a; sourceTree = BUILT_PRODUCTS_DIR; };
		50B86F171A950BE7005D453C /* RMXTests.xctest */ = {isa = PBXFileReference; explicitFileType = wrapper.cfbundle; includeInIndex = 0; path = RMXTests.xctest; sourceTree = BUILT_PRODUCTS_DIR; };
		50B86F291A950C30005D453C /* RMXKit.framework */ = {isa = PBXFileReference; explicitFileType = wrapper.framework; includeInIndex = 0; path = RMXKit.framework; sourceTree = BUILT_PRODUCTS_DIR; };
		50B86F2C1A950C30005D453C /* Info.plist */ = {isa = PBXFileReference; lastKnownFileType = text.plist.xml; path = Info.plist; sourceTree = "<group>"; };
		50B86F2D1A950C30005D453C /* RMXKit.h */ = {isa = PBXFileReference; lastKnownFileType = sourcecode.c.h; path = RMXKit.h; sourceTree = "<group>"; };
		50B86F331A950C30005D453C /* RMXKitTests.xctest */ = {isa = PBXFileReference; explicitFileType = wrapper.cfbundle; includeInIndex = 0; path = RMXKitTests.xctest; sourceTree = BUILT_PRODUCTS_DIR; };
		50B86F391A950C30005D453C /* Info.plist */ = {isa = PBXFileReference; lastKnownFileType = text.plist.xml; path = Info.plist; sourceTree = "<group>"; };
		50B86F3A1A950C30005D453C /* RMXKitTests.swift */ = {isa = PBXFileReference; lastKnownFileType = sourcecode.swift; path = RMXKitTests.swift; sourceTree = "<group>"; };
		50B86F561A951827005D453C /* UIKit.framework */ = {isa = PBXFileReference; lastKnownFileType = wrapper.framework; name = UIKit.framework; path = System/Library/Frameworks/UIKit.framework; sourceTree = SDKROOT; };
		50B86F581A95182E005D453C /* CoreMotion.framework */ = {isa = PBXFileReference; lastKnownFileType = wrapper.framework; name = CoreMotion.framework; path = System/Library/Frameworks/CoreMotion.framework; sourceTree = SDKROOT; };
		50B86F5A1A951851005D453C /* SceneKit.framework */ = {isa = PBXFileReference; lastKnownFileType = wrapper.framework; name = SceneKit.framework; path = System/Library/Frameworks/SceneKit.framework; sourceTree = SDKROOT; };
		50BEB6831A928B0300E287A8 /* RMXDebugger.swift */ = {isa = PBXFileReference; fileEncoding = 4; lastKnownFileType = sourcecode.swift; name = RMXDebugger.swift; path = ../RMXDebugger.swift; sourceTree = "<group>"; };
		50BEB6861A9291CD00E287A8 /* RMXController.swift */ = {isa = PBXFileReference; fileEncoding = 4; lastKnownFileType = sourcecode.swift; path = RMXController.swift; sourceTree = "<group>"; };
		50D113201A947F7F00CC4FE8 /* TheAds.swift */ = {isa = PBXFileReference; fileEncoding = 4; lastKnownFileType = sourcecode.swift; path = TheAds.swift; sourceTree = "<group>"; };
		50DC37891A923D85006F7DFF /* OC to Swift oGL.app */ = {isa = PBXFileReference; explicitFileType = wrapper.application; includeInIndex = 0; path = "OC to Swift oGL.app"; sourceTree = BUILT_PRODUCTS_DIR; };
		50DC378D1A923D85006F7DFF /* Info.plist */ = {isa = PBXFileReference; lastKnownFileType = text.plist.xml; path = Info.plist; sourceTree = "<group>"; };
		50DC378E1A923D85006F7DFF /* AppDelegate.swift */ = {isa = PBXFileReference; lastKnownFileType = sourcecode.swift; path = AppDelegate.swift; sourceTree = "<group>"; };
		50DC37901A923D85006F7DFF /* GameViewController.swift */ = {isa = PBXFileReference; lastKnownFileType = sourcecode.swift; path = GameViewController.swift; sourceTree = "<group>"; };
		50DC37921A923D85006F7DFF /* Shaders.metal */ = {isa = PBXFileReference; lastKnownFileType = sourcecode.metal; path = Shaders.metal; sourceTree = "<group>"; };
		50DC37951A923D85006F7DFF /* Base */ = {isa = PBXFileReference; lastKnownFileType = file.storyboard; name = Base; path = Base.lproj/Main.storyboard; sourceTree = "<group>"; };
		50DC37971A923D85006F7DFF /* Images.xcassets */ = {isa = PBXFileReference; lastKnownFileType = folder.assetcatalog; path = Images.xcassets; sourceTree = "<group>"; };
		50DC379A1A923D85006F7DFF /* Base */ = {isa = PBXFileReference; lastKnownFileType = file.xib; name = Base; path = Base.lproj/LaunchScreen.xib; sourceTree = "<group>"; };
		50DC37A01A923D85006F7DFF /* OC to Swift oGLTests.xctest */ = {isa = PBXFileReference; explicitFileType = wrapper.cfbundle; includeInIndex = 0; path = "OC to Swift oGLTests.xctest"; sourceTree = BUILT_PRODUCTS_DIR; };
		50DC37A51A923D85006F7DFF /* Info.plist */ = {isa = PBXFileReference; lastKnownFileType = text.plist.xml; path = Info.plist; sourceTree = "<group>"; };
		50DC37A61A923D85006F7DFF /* OC_to_Swift_oGLTests.swift */ = {isa = PBXFileReference; lastKnownFileType = sourcecode.swift; path = OC_to_Swift_oGLTests.swift; sourceTree = "<group>"; };
		50DC37B01A923DB7006F7DFF /* OpenGL 2.1 (OC) */ = {isa = PBXFileReference; lastKnownFileType = folder; path = "OpenGL 2.1 (OC)"; sourceTree = "<group>"; };
		50DC37B21A923E59006F7DFF /* OC to Swift oGL-Bridging-Header.h */ = {isa = PBXFileReference; lastKnownFileType = sourcecode.c.h; path = "OC to Swift oGL-Bridging-Header.h"; sourceTree = "<group>"; };
		50DC37B31A923E5A006F7DFF /* RattleOC.m */ = {isa = PBXFileReference; fileEncoding = 4; lastKnownFileType = sourcecode.c.objc; path = RattleOC.m; sourceTree = "<group>"; };
		50DC37B51A9242D2006F7DFF /* RMXWorld.swift */ = {isa = PBXFileReference; fileEncoding = 4; lastKnownFileType = sourcecode.swift; path = RMXWorld.swift; sourceTree = "<group>"; };
		50DC37B71A924A59006F7DFF /* QuartzCore.framework */ = {isa = PBXFileReference; lastKnownFileType = wrapper.framework; name = QuartzCore.framework; path = System/Library/Frameworks/QuartzCore.framework; sourceTree = SDKROOT; };
		50DC37B91A924A62006F7DFF /* Metal.framework */ = {isa = PBXFileReference; lastKnownFileType = wrapper.framework; name = Metal.framework; path = System/Library/Frameworks/Metal.framework; sourceTree = SDKROOT; };
		50DC37BB1A924A6A006F7DFF /* GLKit.framework */ = {isa = PBXFileReference; lastKnownFileType = wrapper.framework; name = GLKit.framework; path = System/Library/Frameworks/GLKit.framework; sourceTree = SDKROOT; };
		50DC37BD1A924BF8006F7DFF /* RMXParticleProtocols.swift */ = {isa = PBXFileReference; fileEncoding = 4; lastKnownFileType = sourcecode.swift; path = RMXParticleProtocols.swift; sourceTree = "<group>"; };
		50DC37BF1A924D12006F7DFF /* RMXMaths.swift */ = {isa = PBXFileReference; fileEncoding = 4; lastKnownFileType = sourcecode.swift; name = RMXMaths.swift; path = ../RMXMaths.swift; sourceTree = "<group>"; };
		50DC37C11A925BFD006F7DFF /* RMXSprite.swift */ = {isa = PBXFileReference; fileEncoding = 4; lastKnownFileType = sourcecode.swift; name = RMXSprite.swift; path = ../RMXSprite.swift; sourceTree = "<group>"; };
		50DC37C31A926C56006F7DFF /* RMXPhysics.swift */ = {isa = PBXFileReference; fileEncoding = 4; lastKnownFileType = sourcecode.swift; path = RMXPhysics.swift; sourceTree = "<group>"; };
/* End PBXFileReference section */

/* Begin PBXFrameworksBuildPhase section */
		50639E831A92BE4C00A94E5C /* Frameworks */ = {
			isa = PBXFrameworksBuildPhase;
			buildActionMask = 2147483647;
			files = (
			);
			runOnlyForDeploymentPostprocessing = 0;
		};
		50639E9B1A92BE4C00A94E5C /* Frameworks */ = {
			isa = PBXFrameworksBuildPhase;
			buildActionMask = 2147483647;
			files = (
			);
			runOnlyForDeploymentPostprocessing = 0;
		};
		50639EB61A92C00000A94E5C /* Frameworks */ = {
			isa = PBXFrameworksBuildPhase;
			buildActionMask = 2147483647;
			files = (
			);
			runOnlyForDeploymentPostprocessing = 0;
		};
		50639ECC1A92C00100A94E5C /* Frameworks */ = {
			isa = PBXFrameworksBuildPhase;
			buildActionMask = 2147483647;
			files = (
			);
			runOnlyForDeploymentPostprocessing = 0;
		};
		50639EE51A92C51B00A94E5C /* Frameworks */ = {
			isa = PBXFrameworksBuildPhase;
			buildActionMask = 2147483647;
			files = (
			);
			runOnlyForDeploymentPostprocessing = 0;
		};
		50639EFD1A92C51B00A94E5C /* Frameworks */ = {
			isa = PBXFrameworksBuildPhase;
			buildActionMask = 2147483647;
			files = (
			);
			runOnlyForDeploymentPostprocessing = 0;
		};
		50639F161A92C9C800A94E5C /* Frameworks */ = {
			isa = PBXFrameworksBuildPhase;
			buildActionMask = 2147483647;
			files = (
			);
			runOnlyForDeploymentPostprocessing = 0;
		};
		50B86F0A1A950BE7005D453C /* Frameworks */ = {
			isa = PBXFrameworksBuildPhase;
			buildActionMask = 2147483647;
			files = (
			);
			runOnlyForDeploymentPostprocessing = 0;
		};
		50B86F141A950BE7005D453C /* Frameworks */ = {
			isa = PBXFrameworksBuildPhase;
			buildActionMask = 2147483647;
			files = (
				50B86F181A950BE7005D453C /* libRMX.a in Frameworks */,
			);
			runOnlyForDeploymentPostprocessing = 0;
		};
		50B86F251A950C30005D453C /* Frameworks */ = {
			isa = PBXFrameworksBuildPhase;
			buildActionMask = 2147483647;
			files = (
			);
			runOnlyForDeploymentPostprocessing = 0;
		};
		50B86F301A950C30005D453C /* Frameworks */ = {
			isa = PBXFrameworksBuildPhase;
			buildActionMask = 2147483647;
			files = (
				50B86F341A950C30005D453C /* RMXKit.framework in Frameworks */,
			);
			runOnlyForDeploymentPostprocessing = 0;
		};
		50DC37861A923D85006F7DFF /* Frameworks */ = {
			isa = PBXFrameworksBuildPhase;
			buildActionMask = 2147483647;
			files = (
				50B86F5B1A951851005D453C /* SceneKit.framework in Frameworks */,
				50B86F591A95182E005D453C /* CoreMotion.framework in Frameworks */,
				50B86F571A951827005D453C /* UIKit.framework in Frameworks */,
				50DC37BC1A924A6A006F7DFF /* GLKit.framework in Frameworks */,
				50DC37BA1A924A62006F7DFF /* Metal.framework in Frameworks */,
				50DC37B81A924A59006F7DFF /* QuartzCore.framework in Frameworks */,
			);
			runOnlyForDeploymentPostprocessing = 0;
		};
		50DC379D1A923D85006F7DFF /* Frameworks */ = {
			isa = PBXFrameworksBuildPhase;
			buildActionMask = 2147483647;
			files = (
			);
			runOnlyForDeploymentPostprocessing = 0;
		};
/* End PBXFrameworksBuildPhase section */

/* Begin PBXGroup section */
		50639E871A92BE4C00A94E5C /* OpenGLES */ = {
			isa = PBXGroup;
			children = (
				50639E8A1A92BE4C00A94E5C /* AppDelegate.swift */,
				50639E8C1A92BE4C00A94E5C /* Shader.fsh */,
				50639E8E1A92BE4C00A94E5C /* Shader.vsh */,
				50639E901A92BE4C00A94E5C /* GameViewController.swift */,
				50639E921A92BE4C00A94E5C /* Main.storyboard */,
				50639E951A92BE4C00A94E5C /* Images.xcassets */,
				50639E971A92BE4C00A94E5C /* LaunchScreen.xib */,
				50639E881A92BE4C00A94E5C /* Supporting Files */,
			);
			path = OpenGLES;
			sourceTree = "<group>";
		};
		50639E881A92BE4C00A94E5C /* Supporting Files */ = {
			isa = PBXGroup;
			children = (
				50639E891A92BE4C00A94E5C /* Info.plist */,
			);
			name = "Supporting Files";
			sourceTree = "<group>";
		};
		50639EA11A92BE4C00A94E5C /* OpenGLESTests */ = {
			isa = PBXGroup;
			children = (
				50639EA41A92BE4C00A94E5C /* OpenGLESTests.swift */,
				50639EA21A92BE4C00A94E5C /* Supporting Files */,
			);
			path = OpenGLESTests;
			sourceTree = "<group>";
		};
		50639EA21A92BE4C00A94E5C /* Supporting Files */ = {
			isa = PBXGroup;
			children = (
				50639EA31A92BE4C00A94E5C /* Info.plist */,
			);
			name = "Supporting Files";
			sourceTree = "<group>";
		};
		50639EAC1A92BE6000A94E5C /* RMX */ = {
			isa = PBXGroup;
			children = (
				50DC37C11A925BFD006F7DFF /* RMXSprite.swift */,
				50BEB6861A9291CD00E287A8 /* RMXController.swift */,
				50BEB6831A928B0300E287A8 /* RMXDebugger.swift */,
				50DC37BF1A924D12006F7DFF /* RMXMaths.swift */,
				50DC37B51A9242D2006F7DFF /* RMXWorld.swift */,
				50DC37BD1A924BF8006F7DFF /* RMXParticleProtocols.swift */,
				50DC37C31A926C56006F7DFF /* RMXPhysics.swift */,
				506022F21A9341BE0099950D /* RMXGyro.swift */,
				5017F3851A93932400E5BFBF /* RMXValue.swift */,
			);
			name = RMX;
			path = "OC to Swift oGL";
			sourceTree = "<group>";
		};
		50639EBA1A92C00000A94E5C /* SKEENkit */ = {
			isa = PBXGroup;
			children = (
				50639EBD1A92C00000A94E5C /* AppDelegate.swift */,
				50639EBF1A92C00100A94E5C /* art.scnassets */,
				50639EC11A92C00100A94E5C /* GameViewController.swift */,
				50639EC31A92C00100A94E5C /* Main.storyboard */,
				50D113201A947F7F00CC4FE8 /* TheAds.swift */,
				50639EC61A92C00100A94E5C /* Images.xcassets */,
				50639EC81A92C00100A94E5C /* LaunchScreen.xib */,
				50639EBB1A92C00000A94E5C /* Supporting Files */,
			);
			path = SKEENkit;
			sourceTree = "<group>";
		};
		50639EBB1A92C00000A94E5C /* Supporting Files */ = {
			isa = PBXGroup;
			children = (
				50639EBC1A92C00000A94E5C /* Info.plist */,
			);
			name = "Supporting Files";
			sourceTree = "<group>";
		};
		50639ED21A92C00100A94E5C /* SKEENkitTests */ = {
			isa = PBXGroup;
			children = (
				50639ED51A92C00100A94E5C /* SKEENkitTests.swift */,
				50639ED31A92C00100A94E5C /* Supporting Files */,
			);
			path = SKEENkitTests;
			sourceTree = "<group>";
		};
		50639ED31A92C00100A94E5C /* Supporting Files */ = {
			isa = PBXGroup;
			children = (
				50639ED41A92C00100A94E5C /* Info.plist */,
			);
			name = "Supporting Files";
			sourceTree = "<group>";
		};
		50639EE91A92C51B00A94E5C /* SPReeeeEEETKit */ = {
			isa = PBXGroup;
			children = (
				50639EEC1A92C51B00A94E5C /* AppDelegate.swift */,
				50639EEE1A92C51B00A94E5C /* GameScene.sks */,
				50639EF01A92C51B00A94E5C /* GameScene.swift */,
				50639EF21A92C51B00A94E5C /* GameViewController.swift */,
				50639EF41A92C51B00A94E5C /* Main.storyboard */,
				50639EF71A92C51B00A94E5C /* Images.xcassets */,
				50639EF91A92C51B00A94E5C /* LaunchScreen.xib */,
				50639EEA1A92C51B00A94E5C /* Supporting Files */,
			);
			path = SPReeeeEEETKit;
			sourceTree = "<group>";
		};
		50639EEA1A92C51B00A94E5C /* Supporting Files */ = {
			isa = PBXGroup;
			children = (
				50639EEB1A92C51B00A94E5C /* Info.plist */,
			);
			name = "Supporting Files";
			sourceTree = "<group>";
		};
		50639F031A92C51B00A94E5C /* SPReeeeEEETKitTests */ = {
			isa = PBXGroup;
			children = (
				50639F061A92C51B00A94E5C /* SPReeeeEEETKitTests.swift */,
				50639F041A92C51B00A94E5C /* Supporting Files */,
			);
			path = SPReeeeEEETKitTests;
			sourceTree = "<group>";
		};
		50639F041A92C51B00A94E5C /* Supporting Files */ = {
			isa = PBXGroup;
			children = (
				50639F051A92C51B00A94E5C /* Info.plist */,
			);
			name = "Supporting Files";
			sourceTree = "<group>";
		};
		50639F1B1A92C9C800A94E5C /* kernal */ = {
			isa = PBXGroup;
			children = (
				50639F1E1A92C9C800A94E5C /* kernal.c */,
				50639F1C1A92C9C800A94E5C /* Supporting Files */,
			);
			path = kernal;
			sourceTree = "<group>";
		};
		50639F1C1A92C9C800A94E5C /* Supporting Files */ = {
			isa = PBXGroup;
			children = (
				50639F1D1A92C9C800A94E5C /* Info.plist */,
			);
			name = "Supporting Files";
			sourceTree = "<group>";
		};
		50B86F2A1A950C30005D453C /* RMXKit */ = {
			isa = PBXGroup;
			children = (
				50B86F081A94F216005D453C /* MyPlayground.playground */,
				50B86F2D1A950C30005D453C /* RMXKit.h */,
				50B86F2B1A950C30005D453C /* Supporting Files */,
			);
			path = RMXKit;
			sourceTree = "<group>";
		};
		50B86F2B1A950C30005D453C /* Supporting Files */ = {
			isa = PBXGroup;
			children = (
				50B86F2C1A950C30005D453C /* Info.plist */,
			);
			name = "Supporting Files";
			sourceTree = "<group>";
		};
		50B86F371A950C30005D453C /* RMXKitTests */ = {
			isa = PBXGroup;
			children = (
				50B86F3A1A950C30005D453C /* RMXKitTests.swift */,
				50B86F381A950C30005D453C /* Supporting Files */,
			);
			path = RMXKitTests;
			sourceTree = "<group>";
		};
		50B86F381A950C30005D453C /* Supporting Files */ = {
			isa = PBXGroup;
			children = (
				50B86F391A950C30005D453C /* Info.plist */,
			);
			name = "Supporting Files";
			sourceTree = "<group>";
		};
		50DC37801A923D85006F7DFF = {
			isa = PBXGroup;
			children = (
				50B86F5A1A951851005D453C /* SceneKit.framework */,
				50B86F581A95182E005D453C /* CoreMotion.framework */,
				50B86F561A951827005D453C /* UIKit.framework */,
				50DC37BB1A924A6A006F7DFF /* GLKit.framework */,
				50DC37B91A924A62006F7DFF /* Metal.framework */,
				50DC37B71A924A59006F7DFF /* QuartzCore.framework */,
				50639EAC1A92BE6000A94E5C /* RMX */,
				50639EBA1A92C00000A94E5C /* SKEENkit */,
				50B86F2A1A950C30005D453C /* RMXKit */,
				50B86F371A950C30005D453C /* RMXKitTests */,
				50DC378B1A923D85006F7DFF /* OC to Swift oGL */,
				50DC37A31A923D85006F7DFF /* OC to Swift oGLTests */,
				50639E871A92BE4C00A94E5C /* OpenGLES */,
				50639EA11A92BE4C00A94E5C /* OpenGLESTests */,
				50639ED21A92C00100A94E5C /* SKEENkitTests */,
				50639EE91A92C51B00A94E5C /* SPReeeeEEETKit */,
				50639F031A92C51B00A94E5C /* SPReeeeEEETKitTests */,
				50639F1B1A92C9C800A94E5C /* kernal */,
				50DC378A1A923D85006F7DFF /* Products */,
			);
			sourceTree = "<group>";
		};
		50DC378A1A923D85006F7DFF /* Products */ = {
			isa = PBXGroup;
			children = (
				50DC37891A923D85006F7DFF /* OC to Swift oGL.app */,
				50DC37A01A923D85006F7DFF /* OC to Swift oGLTests.xctest */,
				50639E861A92BE4C00A94E5C /* OpenGLES.app */,
				50639E9E1A92BE4C00A94E5C /* OpenGLESTests.xctest */,
				50639EB91A92C00000A94E5C /* SKEENkit.app */,
				50639ECF1A92C00100A94E5C /* SKEENkitTests.xctest */,
				50639EE81A92C51B00A94E5C /* SPReeeeEEETKit.app */,
				50639F001A92C51B00A94E5C /* SPReeeeEEETKitTests.xctest */,
				50639F1A1A92C9C800A94E5C /* kernal.kext */,
				50B86F0D1A950BE7005D453C /* libRMX.a */,
				50B86F171A950BE7005D453C /* RMXTests.xctest */,
				50B86F291A950C30005D453C /* RMXKit.framework */,
				50B86F331A950C30005D453C /* RMXKitTests.xctest */,
			);
			name = Products;
			sourceTree = "<group>";
		};
		50DC378B1A923D85006F7DFF /* OC to Swift oGL */ = {
			isa = PBXGroup;
			children = (
				50DC37B01A923DB7006F7DFF /* OpenGL 2.1 (OC) */,
				50DC378E1A923D85006F7DFF /* AppDelegate.swift */,
				50DC37901A923D85006F7DFF /* GameViewController.swift */,
				50DC37921A923D85006F7DFF /* Shaders.metal */,
				50DC37941A923D85006F7DFF /* Main.storyboard */,
				50DC37971A923D85006F7DFF /* Images.xcassets */,
				50DC37991A923D85006F7DFF /* LaunchScreen.xib */,
				50DC378C1A923D85006F7DFF /* Supporting Files */,
				50DC37B31A923E5A006F7DFF /* RattleOC.m */,
				50DC37B21A923E59006F7DFF /* OC to Swift oGL-Bridging-Header.h */,
			);
			path = "OC to Swift oGL";
			sourceTree = "<group>";
		};
		50DC378C1A923D85006F7DFF /* Supporting Files */ = {
			isa = PBXGroup;
			children = (
				50DC378D1A923D85006F7DFF /* Info.plist */,
			);
			name = "Supporting Files";
			sourceTree = "<group>";
		};
		50DC37A31A923D85006F7DFF /* OC to Swift oGLTests */ = {
			isa = PBXGroup;
			children = (
				50DC37A61A923D85006F7DFF /* OC_to_Swift_oGLTests.swift */,
				50DC37A41A923D85006F7DFF /* Supporting Files */,
			);
			path = "OC to Swift oGLTests";
			sourceTree = "<group>";
		};
		50DC37A41A923D85006F7DFF /* Supporting Files */ = {
			isa = PBXGroup;
			children = (
				50DC37A51A923D85006F7DFF /* Info.plist */,
			);
			name = "Supporting Files";
			sourceTree = "<group>";
		};
/* End PBXGroup section */

/* Begin PBXHeadersBuildPhase section */
		50639F171A92C9C800A94E5C /* Headers */ = {
			isa = PBXHeadersBuildPhase;
			buildActionMask = 2147483647;
			files = (
			);
			runOnlyForDeploymentPostprocessing = 0;
		};
		50B86F0B1A950BE7005D453C /* Headers */ = {
			isa = PBXHeadersBuildPhase;
			buildActionMask = 2147483647;
			files = (
			);
			runOnlyForDeploymentPostprocessing = 0;
		};
		50B86F261A950C30005D453C /* Headers */ = {
			isa = PBXHeadersBuildPhase;
			buildActionMask = 2147483647;
			files = (
				50B86F2E1A950C30005D453C /* RMXKit.h in Headers */,
			);
			runOnlyForDeploymentPostprocessing = 0;
		};
/* End PBXHeadersBuildPhase section */

/* Begin PBXNativeTarget section */
		50639E851A92BE4C00A94E5C /* OpenGLES */ = {
			isa = PBXNativeTarget;
			buildConfigurationList = 50639EAA1A92BE4C00A94E5C /* Build configuration list for PBXNativeTarget "OpenGLES" */;
			buildPhases = (
				50639E821A92BE4C00A94E5C /* Sources */,
				50639E831A92BE4C00A94E5C /* Frameworks */,
				50639E841A92BE4C00A94E5C /* Resources */,
			);
			buildRules = (
			);
			dependencies = (
			);
			name = OpenGLES;
			productName = OpenGLES;
			productReference = 50639E861A92BE4C00A94E5C /* OpenGLES.app */;
			productType = "com.apple.product-type.application";
		};
		50639E9D1A92BE4C00A94E5C /* OpenGLESTests */ = {
			isa = PBXNativeTarget;
			buildConfigurationList = 50639EAB1A92BE4C00A94E5C /* Build configuration list for PBXNativeTarget "OpenGLESTests" */;
			buildPhases = (
				50639E9A1A92BE4C00A94E5C /* Sources */,
				50639E9B1A92BE4C00A94E5C /* Frameworks */,
				50639E9C1A92BE4C00A94E5C /* Resources */,
			);
			buildRules = (
			);
			dependencies = (
				50639EA01A92BE4C00A94E5C /* PBXTargetDependency */,
			);
			name = OpenGLESTests;
			productName = OpenGLESTests;
			productReference = 50639E9E1A92BE4C00A94E5C /* OpenGLESTests.xctest */;
			productType = "com.apple.product-type.bundle.unit-test";
		};
		50639EB81A92C00000A94E5C /* SKEENkit */ = {
			isa = PBXNativeTarget;
			buildConfigurationList = 50639ED71A92C00100A94E5C /* Build configuration list for PBXNativeTarget "SKEENkit" */;
			buildPhases = (
				50639EB51A92C00000A94E5C /* Sources */,
				50639EB61A92C00000A94E5C /* Frameworks */,
				50639EB71A92C00000A94E5C /* Resources */,
			);
			buildRules = (
			);
			dependencies = (
			);
			name = SKEENkit;
			productName = SKEENkit;
			productReference = 50639EB91A92C00000A94E5C /* SKEENkit.app */;
			productType = "com.apple.product-type.application";
		};
		50639ECE1A92C00100A94E5C /* SKEENkitTests */ = {
			isa = PBXNativeTarget;
			buildConfigurationList = 50639EDA1A92C00100A94E5C /* Build configuration list for PBXNativeTarget "SKEENkitTests" */;
			buildPhases = (
				50639ECB1A92C00100A94E5C /* Sources */,
				50639ECC1A92C00100A94E5C /* Frameworks */,
				50639ECD1A92C00100A94E5C /* Resources */,
			);
			buildRules = (
			);
			dependencies = (
				50639ED11A92C00100A94E5C /* PBXTargetDependency */,
			);
			name = SKEENkitTests;
			productName = SKEENkitTests;
			productReference = 50639ECF1A92C00100A94E5C /* SKEENkitTests.xctest */;
			productType = "com.apple.product-type.bundle.unit-test";
		};
		50639EE71A92C51B00A94E5C /* SPReeeeEEETKit */ = {
			isa = PBXNativeTarget;
			buildConfigurationList = 50639F081A92C51B00A94E5C /* Build configuration list for PBXNativeTarget "SPReeeeEEETKit" */;
			buildPhases = (
				50639EE41A92C51B00A94E5C /* Sources */,
				50639EE51A92C51B00A94E5C /* Frameworks */,
				50639EE61A92C51B00A94E5C /* Resources */,
			);
			buildRules = (
			);
			dependencies = (
			);
			name = SPReeeeEEETKit;
			productName = SPReeeeEEETKit;
			productReference = 50639EE81A92C51B00A94E5C /* SPReeeeEEETKit.app */;
			productType = "com.apple.product-type.application";
		};
		50639EFF1A92C51B00A94E5C /* SPReeeeEEETKitTests */ = {
			isa = PBXNativeTarget;
			buildConfigurationList = 50639F0B1A92C51B00A94E5C /* Build configuration list for PBXNativeTarget "SPReeeeEEETKitTests" */;
			buildPhases = (
				50639EFC1A92C51B00A94E5C /* Sources */,
				50639EFD1A92C51B00A94E5C /* Frameworks */,
				50639EFE1A92C51B00A94E5C /* Resources */,
			);
			buildRules = (
			);
			dependencies = (
				50639F021A92C51B00A94E5C /* PBXTargetDependency */,
			);
			name = SPReeeeEEETKitTests;
			productName = SPReeeeEEETKitTests;
			productReference = 50639F001A92C51B00A94E5C /* SPReeeeEEETKitTests.xctest */;
			productType = "com.apple.product-type.bundle.unit-test";
		};
		50639F191A92C9C800A94E5C /* kernal */ = {
			isa = PBXNativeTarget;
			buildConfigurationList = 50639F201A92C9C800A94E5C /* Build configuration list for PBXNativeTarget "kernal" */;
			buildPhases = (
				50639F151A92C9C800A94E5C /* Sources */,
				50639F161A92C9C800A94E5C /* Frameworks */,
				50639F171A92C9C800A94E5C /* Headers */,
				50639F181A92C9C800A94E5C /* Resources */,
			);
			buildRules = (
			);
			dependencies = (
			);
			name = kernal;
			productName = kernal;
			productReference = 50639F1A1A92C9C800A94E5C /* kernal.kext */;
			productType = "com.apple.product-type.kernel-extension";
		};
		50B86F0C1A950BE7005D453C /* RMX */ = {
			isa = PBXNativeTarget;
			buildConfigurationList = 50B86F1E1A950BE7005D453C /* Build configuration list for PBXNativeTarget "RMX" */;
			buildPhases = (
				50B86F091A950BE7005D453C /* Sources */,
				50B86F0A1A950BE7005D453C /* Frameworks */,
				50B86F0B1A950BE7005D453C /* Headers */,
			);
			buildRules = (
			);
			dependencies = (
			);
			name = RMX;
			productName = RMX;
			productReference = 50B86F0D1A950BE7005D453C /* libRMX.a */;
			productType = "com.apple.product-type.library.static";
		};
		50B86F161A950BE7005D453C /* RMXTests */ = {
			isa = PBXNativeTarget;
			buildConfigurationList = 50B86F211A950BE7005D453C /* Build configuration list for PBXNativeTarget "RMXTests" */;
			buildPhases = (
				50B86F131A950BE7005D453C /* Sources */,
				50B86F141A950BE7005D453C /* Frameworks */,
				50B86F151A950BE7005D453C /* Resources */,
			);
			buildRules = (
			);
			dependencies = (
				50B86F1A1A950BE7005D453C /* PBXTargetDependency */,
			);
			name = RMXTests;
			productName = RMXTests;
			productReference = 50B86F171A950BE7005D453C /* RMXTests.xctest */;
			productType = "com.apple.product-type.bundle.unit-test";
		};
		50B86F281A950C30005D453C /* RMXKit */ = {
			isa = PBXNativeTarget;
			buildConfigurationList = 50B86F3C1A950C30005D453C /* Build configuration list for PBXNativeTarget "RMXKit" */;
			buildPhases = (
				50B86F241A950C30005D453C /* Sources */,
				50B86F251A950C30005D453C /* Frameworks */,
				50B86F261A950C30005D453C /* Headers */,
				50B86F271A950C30005D453C /* Resources */,
			);
			buildRules = (
			);
			dependencies = (
			);
			name = RMXKit;
			productName = RMXKit;
			productReference = 50B86F291A950C30005D453C /* RMXKit.framework */;
			productType = "com.apple.product-type.framework";
		};
		50B86F321A950C30005D453C /* RMXKitTests */ = {
			isa = PBXNativeTarget;
			buildConfigurationList = 50B86F3F1A950C30005D453C /* Build configuration list for PBXNativeTarget "RMXKitTests" */;
			buildPhases = (
				50B86F2F1A950C30005D453C /* Sources */,
				50B86F301A950C30005D453C /* Frameworks */,
				50B86F311A950C30005D453C /* Resources */,
			);
			buildRules = (
			);
			dependencies = (
				50B86F361A950C30005D453C /* PBXTargetDependency */,
			);
			name = RMXKitTests;
			productName = RMXKitTests;
			productReference = 50B86F331A950C30005D453C /* RMXKitTests.xctest */;
			productType = "com.apple.product-type.bundle.unit-test";
		};
		50DC37881A923D85006F7DFF /* OC to Swift oGL */ = {
			isa = PBXNativeTarget;
			buildConfigurationList = 50DC37AA1A923D85006F7DFF /* Build configuration list for PBXNativeTarget "OC to Swift oGL" */;
			buildPhases = (
				50DC37851A923D85006F7DFF /* Sources */,
				50DC37861A923D85006F7DFF /* Frameworks */,
				50DC37871A923D85006F7DFF /* Resources */,
			);
			buildRules = (
			);
			dependencies = (
			);
			name = "OC to Swift oGL";
			productName = "OC to Swift oGL";
			productReference = 50DC37891A923D85006F7DFF /* OC to Swift oGL.app */;
			productType = "com.apple.product-type.application";
		};
		50DC379F1A923D85006F7DFF /* OC to Swift oGLTests */ = {
			isa = PBXNativeTarget;
			buildConfigurationList = 50DC37AD1A923D85006F7DFF /* Build configuration list for PBXNativeTarget "OC to Swift oGLTests" */;
			buildPhases = (
				50DC379C1A923D85006F7DFF /* Sources */,
				50DC379D1A923D85006F7DFF /* Frameworks */,
				50DC379E1A923D85006F7DFF /* Resources */,
			);
			buildRules = (
			);
			dependencies = (
				50DC37A21A923D85006F7DFF /* PBXTargetDependency */,
			);
			name = "OC to Swift oGLTests";
			productName = "OC to Swift oGLTests";
			productReference = 50DC37A01A923D85006F7DFF /* OC to Swift oGLTests.xctest */;
			productType = "com.apple.product-type.bundle.unit-test";
		};
/* End PBXNativeTarget section */

/* Begin PBXProject section */
		50DC37811A923D85006F7DFF /* Project object */ = {
			isa = PBXProject;
			attributes = {
				LastUpgradeCheck = 0610;
				ORGANIZATIONNAME = "Rattle Media Ltd";
				TargetAttributes = {
					50639E851A92BE4C00A94E5C = {
						CreatedOnToolsVersion = 6.1.1;
					};
					50639E9D1A92BE4C00A94E5C = {
						CreatedOnToolsVersion = 6.1.1;
						TestTargetID = 50639E851A92BE4C00A94E5C;
					};
					50639EB81A92C00000A94E5C = {
						CreatedOnToolsVersion = 6.1.1;
					};
					50639ECE1A92C00100A94E5C = {
						CreatedOnToolsVersion = 6.1.1;
						TestTargetID = 50639EB81A92C00000A94E5C;
					};
					50639EE71A92C51B00A94E5C = {
						CreatedOnToolsVersion = 6.1.1;
					};
					50639EFF1A92C51B00A94E5C = {
						CreatedOnToolsVersion = 6.1.1;
						TestTargetID = 50639EE71A92C51B00A94E5C;
					};
					50639F191A92C9C800A94E5C = {
						CreatedOnToolsVersion = 6.1.1;
					};
					50B86F0C1A950BE7005D453C = {
						CreatedOnToolsVersion = 6.1.1;
					};
					50B86F161A950BE7005D453C = {
						CreatedOnToolsVersion = 6.1.1;
					};
					50B86F281A950C30005D453C = {
						CreatedOnToolsVersion = 6.1.1;
					};
					50B86F321A950C30005D453C = {
						CreatedOnToolsVersion = 6.1.1;
					};
					50DC37881A923D85006F7DFF = {
						CreatedOnToolsVersion = 6.1.1;
					};
					50DC379F1A923D85006F7DFF = {
						CreatedOnToolsVersion = 6.1.1;
						TestTargetID = 50DC37881A923D85006F7DFF;
					};
				};
			};
			buildConfigurationList = 50DC37841A923D85006F7DFF /* Build configuration list for PBXProject "OC to Swift oGL" */;
			compatibilityVersion = "Xcode 3.2";
			developmentRegion = English;
			hasScannedForEncodings = 0;
			knownRegions = (
				en,
				Base,
			);
			mainGroup = 50DC37801A923D85006F7DFF;
			productRefGroup = 50DC378A1A923D85006F7DFF /* Products */;
			projectDirPath = "";
			projectRoot = "";
			targets = (
				50DC37881A923D85006F7DFF /* OC to Swift oGL */,
				50DC379F1A923D85006F7DFF /* OC to Swift oGLTests */,
				50639E851A92BE4C00A94E5C /* OpenGLES */,
				50639E9D1A92BE4C00A94E5C /* OpenGLESTests */,
				50639EB81A92C00000A94E5C /* SKEENkit */,
				50639ECE1A92C00100A94E5C /* SKEENkitTests */,
				50639EE71A92C51B00A94E5C /* SPReeeeEEETKit */,
				50639EFF1A92C51B00A94E5C /* SPReeeeEEETKitTests */,
				50639F191A92C9C800A94E5C /* kernal */,
				50B86F0C1A950BE7005D453C /* RMX */,
				50B86F161A950BE7005D453C /* RMXTests */,
				50B86F281A950C30005D453C /* RMXKit */,
				50B86F321A950C30005D453C /* RMXKitTests */,
			);
		};
/* End PBXProject section */

/* Begin PBXResourcesBuildPhase section */
		50639E841A92BE4C00A94E5C /* Resources */ = {
			isa = PBXResourcesBuildPhase;
			buildActionMask = 2147483647;
			files = (
				50639E991A92BE4C00A94E5C /* LaunchScreen.xib in Resources */,
				50639E941A92BE4C00A94E5C /* Main.storyboard in Resources */,
				50639E961A92BE4C00A94E5C /* Images.xcassets in Resources */,
				50639E8F1A92BE4C00A94E5C /* Shader.vsh in Resources */,
				50639E8D1A92BE4C00A94E5C /* Shader.fsh in Resources */,
			);
			runOnlyForDeploymentPostprocessing = 0;
		};
		50639E9C1A92BE4C00A94E5C /* Resources */ = {
			isa = PBXResourcesBuildPhase;
			buildActionMask = 2147483647;
			files = (
			);
			runOnlyForDeploymentPostprocessing = 0;
		};
		50639EB71A92C00000A94E5C /* Resources */ = {
			isa = PBXResourcesBuildPhase;
			buildActionMask = 2147483647;
			files = (
				50639ECA1A92C00100A94E5C /* LaunchScreen.xib in Resources */,
				50639EC71A92C00100A94E5C /* Images.xcassets in Resources */,
				50639EC01A92C00100A94E5C /* art.scnassets in Resources */,
				50639EC51A92C00100A94E5C /* Main.storyboard in Resources */,
			);
			runOnlyForDeploymentPostprocessing = 0;
		};
		50639ECD1A92C00100A94E5C /* Resources */ = {
			isa = PBXResourcesBuildPhase;
			buildActionMask = 2147483647;
			files = (
			);
			runOnlyForDeploymentPostprocessing = 0;
		};
		50639EE61A92C51B00A94E5C /* Resources */ = {
			isa = PBXResourcesBuildPhase;
			buildActionMask = 2147483647;
			files = (
				50639EFB1A92C51B00A94E5C /* LaunchScreen.xib in Resources */,
				50639EF81A92C51B00A94E5C /* Images.xcassets in Resources */,
				50639EEF1A92C51B00A94E5C /* GameScene.sks in Resources */,
				50639EF61A92C51B00A94E5C /* Main.storyboard in Resources */,
			);
			runOnlyForDeploymentPostprocessing = 0;
		};
		50639EFE1A92C51B00A94E5C /* Resources */ = {
			isa = PBXResourcesBuildPhase;
			buildActionMask = 2147483647;
			files = (
			);
			runOnlyForDeploymentPostprocessing = 0;
		};
		50639F181A92C9C800A94E5C /* Resources */ = {
			isa = PBXResourcesBuildPhase;
			buildActionMask = 2147483647;
			files = (
			);
			runOnlyForDeploymentPostprocessing = 0;
		};
		50B86F151A950BE7005D453C /* Resources */ = {
			isa = PBXResourcesBuildPhase;
			buildActionMask = 2147483647;
			files = (
			);
			runOnlyForDeploymentPostprocessing = 0;
		};
		50B86F271A950C30005D453C /* Resources */ = {
			isa = PBXResourcesBuildPhase;
			buildActionMask = 2147483647;
			files = (
			);
			runOnlyForDeploymentPostprocessing = 0;
		};
		50B86F311A950C30005D453C /* Resources */ = {
			isa = PBXResourcesBuildPhase;
			buildActionMask = 2147483647;
			files = (
			);
			runOnlyForDeploymentPostprocessing = 0;
		};
		50DC37871A923D85006F7DFF /* Resources */ = {
			isa = PBXResourcesBuildPhase;
			buildActionMask = 2147483647;
			files = (
				50DC37B11A923DB7006F7DFF /* OpenGL 2.1 (OC) in Resources */,
				50DC37961A923D85006F7DFF /* Main.storyboard in Resources */,
				50DC379B1A923D85006F7DFF /* LaunchScreen.xib in Resources */,
				50DC37981A923D85006F7DFF /* Images.xcassets in Resources */,
			);
			runOnlyForDeploymentPostprocessing = 0;
		};
		50DC379E1A923D85006F7DFF /* Resources */ = {
			isa = PBXResourcesBuildPhase;
			buildActionMask = 2147483647;
			files = (
			);
			runOnlyForDeploymentPostprocessing = 0;
		};
/* End PBXResourcesBuildPhase section */

/* Begin PBXSourcesBuildPhase section */
		50639E821A92BE4C00A94E5C /* Sources */ = {
			isa = PBXSourcesBuildPhase;
			buildActionMask = 2147483647;
			files = (
				50639E911A92BE4C00A94E5C /* GameViewController.swift in Sources */,
				50639EAE1A92BE7400A94E5C /* RMXController.swift in Sources */,
				50639E8B1A92BE4C00A94E5C /* AppDelegate.swift in Sources */,
				5017F3871A93BF6800E5BFBF /* RMXValue.swift in Sources */,
				506022F51A9343240099950D /* RMXGyro.swift in Sources */,
				50639EB31A92BE7400A94E5C /* RMXPhysics.swift in Sources */,
				50639EB11A92BE7400A94E5C /* RMXWorld.swift in Sources */,
				50639EAD1A92BE7000A94E5C /* RMXSprite.swift in Sources */,
				50639EB01A92BE7400A94E5C /* RMXMaths.swift in Sources */,
				50639EB21A92BE7400A94E5C /* RMXParticleProtocols.swift in Sources */,
			);
			runOnlyForDeploymentPostprocessing = 0;
		};
		50639E9A1A92BE4C00A94E5C /* Sources */ = {
			isa = PBXSourcesBuildPhase;
			buildActionMask = 2147483647;
			files = (
				50639EA51A92BE4C00A94E5C /* OpenGLESTests.swift in Sources */,
			);
			runOnlyForDeploymentPostprocessing = 0;
		};
		50639EB51A92C00000A94E5C /* Sources */ = {
			isa = PBXSourcesBuildPhase;
			buildActionMask = 2147483647;
			files = (
				50B86FB91A952AE9005D453C /* RMXDebugger.swift in Sources */,
				50639EC21A92C00100A94E5C /* GameViewController.swift in Sources */,
				50639EDE1A92C0C900A94E5C /* RMXController.swift in Sources */,
				50639EBE1A92C00000A94E5C /* AppDelegate.swift in Sources */,
				50D113211A947F7F00CC4FE8 /* TheAds.swift in Sources */,
				5017F3881A93BF6800E5BFBF /* RMXValue.swift in Sources */,
				506022F41A9343230099950D /* RMXGyro.swift in Sources */,
				50639EE31A92C0C900A94E5C /* RMXPhysics.swift in Sources */,
				50639EE11A92C0C900A94E5C /* RMXWorld.swift in Sources */,
				50639EDD1A92C0C900A94E5C /* RMXSprite.swift in Sources */,
				50639EE01A92C0C900A94E5C /* RMXMaths.swift in Sources */,
				50639EE21A92C0C900A94E5C /* RMXParticleProtocols.swift in Sources */,
			);
			runOnlyForDeploymentPostprocessing = 0;
		};
		50639ECB1A92C00100A94E5C /* Sources */ = {
			isa = PBXSourcesBuildPhase;
			buildActionMask = 2147483647;
			files = (
				50639ED61A92C00100A94E5C /* SKEENkitTests.swift in Sources */,
			);
			runOnlyForDeploymentPostprocessing = 0;
		};
		50639EE41A92C51B00A94E5C /* Sources */ = {
			isa = PBXSourcesBuildPhase;
			buildActionMask = 2147483647;
			files = (
				50639F121A92C52E00A94E5C /* RMXWorld.swift in Sources */,
				50639F131A92C52E00A94E5C /* RMXParticleProtocols.swift in Sources */,
				50639F0E1A92C52E00A94E5C /* RMXSprite.swift in Sources */,
				50639EF11A92C51B00A94E5C /* GameScene.swift in Sources */,
				50639EF31A92C51B00A94E5C /* GameViewController.swift in Sources */,
				50639EED1A92C51B00A94E5C /* AppDelegate.swift in Sources */,
				50639F141A92C52E00A94E5C /* RMXPhysics.swift in Sources */,
				50639F0F1A92C52E00A94E5C /* RMXController.swift in Sources */,
				5017F3891A93BF6900E5BFBF /* RMXValue.swift in Sources */,
				506022F61A9343250099950D /* RMXGyro.swift in Sources */,
				50639F111A92C52E00A94E5C /* RMXMaths.swift in Sources */,
			);
			runOnlyForDeploymentPostprocessing = 0;
		};
		50639EFC1A92C51B00A94E5C /* Sources */ = {
			isa = PBXSourcesBuildPhase;
			buildActionMask = 2147483647;
			files = (
				50639F071A92C51B00A94E5C /* SPReeeeEEETKitTests.swift in Sources */,
			);
			runOnlyForDeploymentPostprocessing = 0;
		};
		50639F151A92C9C800A94E5C /* Sources */ = {
			isa = PBXSourcesBuildPhase;
			buildActionMask = 2147483647;
			files = (
				50639F1F1A92C9C800A94E5C /* kernal.c in Sources */,
			);
			runOnlyForDeploymentPostprocessing = 0;
		};
		50B86F091A950BE7005D453C /* Sources */ = {
			isa = PBXSourcesBuildPhase;
			buildActionMask = 2147483647;
			files = (
			);
			runOnlyForDeploymentPostprocessing = 0;
		};
		50B86F131A950BE7005D453C /* Sources */ = {
			isa = PBXSourcesBuildPhase;
			buildActionMask = 2147483647;
			files = (
			);
			runOnlyForDeploymentPostprocessing = 0;
		};
		50B86F241A950C30005D453C /* Sources */ = {
			isa = PBXSourcesBuildPhase;
			buildActionMask = 2147483647;
			files = (
				50B86F5F1A95197C005D453C /* RMXPhysics.swift in Sources */,
				50B86F441A950C65005D453C /* RMXDebugger.swift in Sources */,
			);
			runOnlyForDeploymentPostprocessing = 0;
		};
		50B86F2F1A950C30005D453C /* Sources */ = {
			isa = PBXSourcesBuildPhase;
			buildActionMask = 2147483647;
			files = (
				50B86F3B1A950C30005D453C /* RMXKitTests.swift in Sources */,
			);
			runOnlyForDeploymentPostprocessing = 0;
		};
		50DC37851A923D85006F7DFF /* Sources */ = {
			isa = PBXSourcesBuildPhase;
			buildActionMask = 2147483647;
			files = (
				506022F31A9341BE0099950D /* RMXGyro.swift in Sources */,
				50DC37931A923D85006F7DFF /* Shaders.metal in Sources */,
				50DC37911A923D85006F7DFF /* GameViewController.swift in Sources */,
				50DC378F1A923D85006F7DFF /* AppDelegate.swift in Sources */,
				50DC37BE1A924BF8006F7DFF /* RMXParticleProtocols.swift in Sources */,
				50BEB6851A928C9000E287A8 /* RMXWorld.swift in Sources */,
				50DC37B41A923E5A006F7DFF /* RattleOC.m in Sources */,
				50DC37C41A926C56006F7DFF /* RMXPhysics.swift in Sources */,
				50DC37C01A924D12006F7DFF /* RMXMaths.swift in Sources */,
				50DC37C21A925BFD006F7DFF /* RMXSprite.swift in Sources */,
				5017F3861A93932400E5BFBF /* RMXValue.swift in Sources */,
				50BEB6871A9291CD00E287A8 /* RMXController.swift in Sources */,
			);
			runOnlyForDeploymentPostprocessing = 0;
		};
		50DC379C1A923D85006F7DFF /* Sources */ = {
			isa = PBXSourcesBuildPhase;
			buildActionMask = 2147483647;
			files = (
				50DC37A71A923D85006F7DFF /* OC_to_Swift_oGLTests.swift in Sources */,
			);
			runOnlyForDeploymentPostprocessing = 0;
		};
/* End PBXSourcesBuildPhase section */

/* Begin PBXTargetDependency section */
		50639EA01A92BE4C00A94E5C /* PBXTargetDependency */ = {
			isa = PBXTargetDependency;
			target = 50639E851A92BE4C00A94E5C /* OpenGLES */;
			targetProxy = 50639E9F1A92BE4C00A94E5C /* PBXContainerItemProxy */;
		};
		50639ED11A92C00100A94E5C /* PBXTargetDependency */ = {
			isa = PBXTargetDependency;
			target = 50639EB81A92C00000A94E5C /* SKEENkit */;
			targetProxy = 50639ED01A92C00100A94E5C /* PBXContainerItemProxy */;
		};
		50639F021A92C51B00A94E5C /* PBXTargetDependency */ = {
			isa = PBXTargetDependency;
			target = 50639EE71A92C51B00A94E5C /* SPReeeeEEETKit */;
			targetProxy = 50639F011A92C51B00A94E5C /* PBXContainerItemProxy */;
		};
		50B86F1A1A950BE7005D453C /* PBXTargetDependency */ = {
			isa = PBXTargetDependency;
			target = 50B86F0C1A950BE7005D453C /* RMX */;
			targetProxy = 50B86F191A950BE7005D453C /* PBXContainerItemProxy */;
		};
		50B86F361A950C30005D453C /* PBXTargetDependency */ = {
			isa = PBXTargetDependency;
			target = 50B86F281A950C30005D453C /* RMXKit */;
			targetProxy = 50B86F351A950C30005D453C /* PBXContainerItemProxy */;
		};
		50DC37A21A923D85006F7DFF /* PBXTargetDependency */ = {
			isa = PBXTargetDependency;
			target = 50DC37881A923D85006F7DFF /* OC to Swift oGL */;
			targetProxy = 50DC37A11A923D85006F7DFF /* PBXContainerItemProxy */;
		};
/* End PBXTargetDependency section */

/* Begin PBXVariantGroup section */
		50639E921A92BE4C00A94E5C /* Main.storyboard */ = {
			isa = PBXVariantGroup;
			children = (
				50639E931A92BE4C00A94E5C /* Base */,
			);
			name = Main.storyboard;
			sourceTree = "<group>";
		};
		50639E971A92BE4C00A94E5C /* LaunchScreen.xib */ = {
			isa = PBXVariantGroup;
			children = (
				50639E981A92BE4C00A94E5C /* Base */,
			);
			name = LaunchScreen.xib;
			sourceTree = "<group>";
		};
		50639EC31A92C00100A94E5C /* Main.storyboard */ = {
			isa = PBXVariantGroup;
			children = (
				50639EC41A92C00100A94E5C /* Base */,
			);
			name = Main.storyboard;
			sourceTree = "<group>";
		};
		50639EC81A92C00100A94E5C /* LaunchScreen.xib */ = {
			isa = PBXVariantGroup;
			children = (
				50639EC91A92C00100A94E5C /* Base */,
			);
			name = LaunchScreen.xib;
			sourceTree = "<group>";
		};
		50639EF41A92C51B00A94E5C /* Main.storyboard */ = {
			isa = PBXVariantGroup;
			children = (
				50639EF51A92C51B00A94E5C /* Base */,
			);
			name = Main.storyboard;
			sourceTree = "<group>";
		};
		50639EF91A92C51B00A94E5C /* LaunchScreen.xib */ = {
			isa = PBXVariantGroup;
			children = (
				50639EFA1A92C51B00A94E5C /* Base */,
			);
			name = LaunchScreen.xib;
			sourceTree = "<group>";
		};
		50DC37941A923D85006F7DFF /* Main.storyboard */ = {
			isa = PBXVariantGroup;
			children = (
				50DC37951A923D85006F7DFF /* Base */,
			);
			name = Main.storyboard;
			sourceTree = "<group>";
		};
		50DC37991A923D85006F7DFF /* LaunchScreen.xib */ = {
			isa = PBXVariantGroup;
			children = (
				50DC379A1A923D85006F7DFF /* Base */,
			);
			name = LaunchScreen.xib;
			sourceTree = "<group>";
		};
/* End PBXVariantGroup section */

/* Begin XCBuildConfiguration section */
		50639EA61A92BE4C00A94E5C /* Debug */ = {
			isa = XCBuildConfiguration;
			buildSettings = {
				ASSETCATALOG_COMPILER_APPICON_NAME = AppIcon;
				GCC_PREPROCESSOR_DEFINITIONS = (
					"DEBUG=1",
					"$(inherited)",
				);
				INFOPLIST_FILE = OpenGLES/Info.plist;
				LD_RUNPATH_SEARCH_PATHS = "$(inherited) @executable_path/Frameworks";
				PRODUCT_NAME = "$(TARGET_NAME)";
			};
			name = Debug;
		};
		50639EA71A92BE4C00A94E5C /* Release */ = {
			isa = XCBuildConfiguration;
			buildSettings = {
				ASSETCATALOG_COMPILER_APPICON_NAME = AppIcon;
				INFOPLIST_FILE = OpenGLES/Info.plist;
				LD_RUNPATH_SEARCH_PATHS = "$(inherited) @executable_path/Frameworks";
				PRODUCT_NAME = "$(TARGET_NAME)";
			};
			name = Release;
		};
		50639EA81A92BE4C00A94E5C /* Debug */ = {
			isa = XCBuildConfiguration;
			buildSettings = {
				BUNDLE_LOADER = "$(TEST_HOST)";
				FRAMEWORK_SEARCH_PATHS = (
					"$(SDKROOT)/Developer/Library/Frameworks",
					"$(inherited)",
				);
				GCC_PREPROCESSOR_DEFINITIONS = (
					"DEBUG=1",
					"$(inherited)",
				);
				INFOPLIST_FILE = OpenGLESTests/Info.plist;
				LD_RUNPATH_SEARCH_PATHS = "$(inherited) @executable_path/Frameworks @loader_path/Frameworks";
				PRODUCT_NAME = "$(TARGET_NAME)";
				TEST_HOST = "$(BUILT_PRODUCTS_DIR)/OpenGLES.app/OpenGLES";
			};
			name = Debug;
		};
		50639EA91A92BE4C00A94E5C /* Release */ = {
			isa = XCBuildConfiguration;
			buildSettings = {
				BUNDLE_LOADER = "$(TEST_HOST)";
				FRAMEWORK_SEARCH_PATHS = (
					"$(SDKROOT)/Developer/Library/Frameworks",
					"$(inherited)",
				);
				INFOPLIST_FILE = OpenGLESTests/Info.plist;
				LD_RUNPATH_SEARCH_PATHS = "$(inherited) @executable_path/Frameworks @loader_path/Frameworks";
				PRODUCT_NAME = "$(TARGET_NAME)";
				TEST_HOST = "$(BUILT_PRODUCTS_DIR)/OpenGLES.app/OpenGLES";
			};
			name = Release;
		};
		50639ED81A92C00100A94E5C /* Debug */ = {
			isa = XCBuildConfiguration;
			buildSettings = {
				ASSETCATALOG_COMPILER_APPICON_NAME = AppIcon;
				GCC_PREPROCESSOR_DEFINITIONS = (
					"DEBUG=1",
					"$(inherited)",
				);
				INFOPLIST_FILE = SKEENkit/Info.plist;
				LD_RUNPATH_SEARCH_PATHS = "$(inherited) @executable_path/Frameworks";
				PRODUCT_NAME = "$(TARGET_NAME)";
			};
			name = Debug;
		};
		50639ED91A92C00100A94E5C /* Release */ = {
			isa = XCBuildConfiguration;
			buildSettings = {
				ASSETCATALOG_COMPILER_APPICON_NAME = AppIcon;
				INFOPLIST_FILE = SKEENkit/Info.plist;
				LD_RUNPATH_SEARCH_PATHS = "$(inherited) @executable_path/Frameworks";
				PRODUCT_NAME = "$(TARGET_NAME)";
			};
			name = Release;
		};
		50639EDB1A92C00100A94E5C /* Debug */ = {
			isa = XCBuildConfiguration;
			buildSettings = {
				BUNDLE_LOADER = "$(TEST_HOST)";
				FRAMEWORK_SEARCH_PATHS = (
					"$(SDKROOT)/Developer/Library/Frameworks",
					"$(inherited)",
				);
				GCC_PREPROCESSOR_DEFINITIONS = (
					"DEBUG=1",
					"$(inherited)",
				);
				INFOPLIST_FILE = SKEENkitTests/Info.plist;
				LD_RUNPATH_SEARCH_PATHS = "$(inherited) @executable_path/Frameworks @loader_path/Frameworks";
				PRODUCT_NAME = "$(TARGET_NAME)";
				TEST_HOST = "$(BUILT_PRODUCTS_DIR)/SKEENkit.app/SKEENkit";
			};
			name = Debug;
		};
		50639EDC1A92C00100A94E5C /* Release */ = {
			isa = XCBuildConfiguration;
			buildSettings = {
				BUNDLE_LOADER = "$(TEST_HOST)";
				FRAMEWORK_SEARCH_PATHS = (
					"$(SDKROOT)/Developer/Library/Frameworks",
					"$(inherited)",
				);
				INFOPLIST_FILE = SKEENkitTests/Info.plist;
				LD_RUNPATH_SEARCH_PATHS = "$(inherited) @executable_path/Frameworks @loader_path/Frameworks";
				PRODUCT_NAME = "$(TARGET_NAME)";
				TEST_HOST = "$(BUILT_PRODUCTS_DIR)/SKEENkit.app/SKEENkit";
			};
			name = Release;
		};
		50639F091A92C51B00A94E5C /* Debug */ = {
			isa = XCBuildConfiguration;
			buildSettings = {
				ASSETCATALOG_COMPILER_APPICON_NAME = AppIcon;
				GCC_PREPROCESSOR_DEFINITIONS = (
					"DEBUG=1",
					"$(inherited)",
				);
				INFOPLIST_FILE = SPReeeeEEETKit/Info.plist;
				LD_RUNPATH_SEARCH_PATHS = "$(inherited) @executable_path/Frameworks";
				PRODUCT_NAME = "$(TARGET_NAME)";
			};
			name = Debug;
		};
		50639F0A1A92C51B00A94E5C /* Release */ = {
			isa = XCBuildConfiguration;
			buildSettings = {
				ASSETCATALOG_COMPILER_APPICON_NAME = AppIcon;
				INFOPLIST_FILE = SPReeeeEEETKit/Info.plist;
				LD_RUNPATH_SEARCH_PATHS = "$(inherited) @executable_path/Frameworks";
				PRODUCT_NAME = "$(TARGET_NAME)";
			};
			name = Release;
		};
		50639F0C1A92C51B00A94E5C /* Debug */ = {
			isa = XCBuildConfiguration;
			buildSettings = {
				BUNDLE_LOADER = "$(TEST_HOST)";
				FRAMEWORK_SEARCH_PATHS = (
					"$(SDKROOT)/Developer/Library/Frameworks",
					"$(inherited)",
				);
				GCC_PREPROCESSOR_DEFINITIONS = (
					"DEBUG=1",
					"$(inherited)",
				);
				INFOPLIST_FILE = SPReeeeEEETKitTests/Info.plist;
				LD_RUNPATH_SEARCH_PATHS = "$(inherited) @executable_path/Frameworks @loader_path/Frameworks";
				PRODUCT_NAME = "$(TARGET_NAME)";
				TEST_HOST = "$(BUILT_PRODUCTS_DIR)/SPReeeeEEETKit.app/SPReeeeEEETKit";
			};
			name = Debug;
		};
		50639F0D1A92C51B00A94E5C /* Release */ = {
			isa = XCBuildConfiguration;
			buildSettings = {
				BUNDLE_LOADER = "$(TEST_HOST)";
				FRAMEWORK_SEARCH_PATHS = (
					"$(SDKROOT)/Developer/Library/Frameworks",
					"$(inherited)",
				);
				INFOPLIST_FILE = SPReeeeEEETKitTests/Info.plist;
				LD_RUNPATH_SEARCH_PATHS = "$(inherited) @executable_path/Frameworks @loader_path/Frameworks";
				PRODUCT_NAME = "$(TARGET_NAME)";
				TEST_HOST = "$(BUILT_PRODUCTS_DIR)/SPReeeeEEETKit.app/SPReeeeEEETKit";
			};
			name = Release;
		};
		50639F211A92C9C800A94E5C /* Debug */ = {
			isa = XCBuildConfiguration;
			buildSettings = {
				CODE_SIGN_IDENTITY = "Developer ID";
				GCC_PREPROCESSOR_DEFINITIONS = (
					"DEBUG=1",
					"$(inherited)",
				);
				INFOPLIST_FILE = kernal/Info.plist;
				MACOSX_DEPLOYMENT_TARGET = 10.10;
				MODULE_NAME = com.rattle.kernal;
				MODULE_START = kernal_start;
				MODULE_STOP = kernal_stop;
				MODULE_VERSION = 1.0.0d1;
				PRODUCT_NAME = "$(TARGET_NAME)";
				SDKROOT = macosx;
				WRAPPER_EXTENSION = kext;
			};
			name = Debug;
		};
		50639F221A92C9C800A94E5C /* Release */ = {
			isa = XCBuildConfiguration;
			buildSettings = {
				CODE_SIGN_IDENTITY = "Developer ID";
				DEBUG_INFORMATION_FORMAT = "dwarf-with-dsym";
				INFOPLIST_FILE = kernal/Info.plist;
				MACOSX_DEPLOYMENT_TARGET = 10.10;
				MODULE_NAME = com.rattle.kernal;
				MODULE_START = kernal_start;
				MODULE_STOP = kernal_stop;
				MODULE_VERSION = 1.0.0d1;
				PRODUCT_NAME = "$(TARGET_NAME)";
				SDKROOT = macosx;
				WRAPPER_EXTENSION = kext;
			};
			name = Release;
		};
		50B86F1F1A950BE7005D453C /* Debug */ = {
			isa = XCBuildConfiguration;
			buildSettings = {
				EXECUTABLE_PREFIX = lib;
				GCC_PREPROCESSOR_DEFINITIONS = (
					"DEBUG=1",
					"$(inherited)",
				);
				MACOSX_DEPLOYMENT_TARGET = 10.10;
				PRODUCT_NAME = "$(TARGET_NAME)";
				SDKROOT = macosx;
			};
			name = Debug;
		};
		50B86F201A950BE7005D453C /* Release */ = {
			isa = XCBuildConfiguration;
			buildSettings = {
				DEBUG_INFORMATION_FORMAT = "dwarf-with-dsym";
				EXECUTABLE_PREFIX = lib;
				MACOSX_DEPLOYMENT_TARGET = 10.10;
				PRODUCT_NAME = "$(TARGET_NAME)";
				SDKROOT = macosx;
			};
			name = Release;
		};
		50B86F221A950BE7005D453C /* Debug */ = {
			isa = XCBuildConfiguration;
			buildSettings = {
				COMBINE_HIDPI_IMAGES = YES;
				FRAMEWORK_SEARCH_PATHS = (
					"$(DEVELOPER_FRAMEWORKS_DIR)",
					"$(inherited)",
				);
				GCC_PREPROCESSOR_DEFINITIONS = (
					"DEBUG=1",
					"$(inherited)",
				);
				INFOPLIST_FILE = RMXTests/Info.plist;
				LD_RUNPATH_SEARCH_PATHS = "$(inherited) @executable_path/../Frameworks @loader_path/../Frameworks";
				MACOSX_DEPLOYMENT_TARGET = 10.10;
				PRODUCT_NAME = "$(TARGET_NAME)";
				SDKROOT = macosx;
			};
			name = Debug;
		};
		50B86F231A950BE7005D453C /* Release */ = {
			isa = XCBuildConfiguration;
			buildSettings = {
				COMBINE_HIDPI_IMAGES = YES;
				DEBUG_INFORMATION_FORMAT = "dwarf-with-dsym";
				FRAMEWORK_SEARCH_PATHS = (
					"$(DEVELOPER_FRAMEWORKS_DIR)",
					"$(inherited)",
				);
				INFOPLIST_FILE = RMXTests/Info.plist;
				LD_RUNPATH_SEARCH_PATHS = "$(inherited) @executable_path/../Frameworks @loader_path/../Frameworks";
				MACOSX_DEPLOYMENT_TARGET = 10.10;
				PRODUCT_NAME = "$(TARGET_NAME)";
				SDKROOT = macosx;
			};
			name = Release;
		};
		50B86F3D1A950C30005D453C /* Debug */ = {
			isa = XCBuildConfiguration;
			buildSettings = {
				COMBINE_HIDPI_IMAGES = YES;
				CURRENT_PROJECT_VERSION = 1;
				DEFINES_MODULE = YES;
				DYLIB_COMPATIBILITY_VERSION = 1;
				DYLIB_CURRENT_VERSION = 1;
				DYLIB_INSTALL_NAME_BASE = "@rpath";
				FRAMEWORK_VERSION = A;
				GCC_PREPROCESSOR_DEFINITIONS = (
					"DEBUG=1",
					"$(inherited)",
				);
				INFOPLIST_FILE = RMXKit/Info.plist;
				INSTALL_PATH = "$(LOCAL_LIBRARY_DIR)/Frameworks";
				LD_RUNPATH_SEARCH_PATHS = "$(inherited) @executable_path/../Frameworks @loader_path/Frameworks";
				MACOSX_DEPLOYMENT_TARGET = 10.10;
				PRODUCT_NAME = "$(TARGET_NAME)";
				SDKROOT = macosx;
				SKIP_INSTALL = YES;
				VERSIONING_SYSTEM = "apple-generic";
				VERSION_INFO_PREFIX = "";
			};
			name = Debug;
		};
		50B86F3E1A950C30005D453C /* Release */ = {
			isa = XCBuildConfiguration;
			buildSettings = {
				COMBINE_HIDPI_IMAGES = YES;
				CURRENT_PROJECT_VERSION = 1;
				DEBUG_INFORMATION_FORMAT = "dwarf-with-dsym";
				DEFINES_MODULE = YES;
				DYLIB_COMPATIBILITY_VERSION = 1;
				DYLIB_CURRENT_VERSION = 1;
				DYLIB_INSTALL_NAME_BASE = "@rpath";
				FRAMEWORK_VERSION = A;
				INFOPLIST_FILE = RMXKit/Info.plist;
				INSTALL_PATH = "$(LOCAL_LIBRARY_DIR)/Frameworks";
				LD_RUNPATH_SEARCH_PATHS = "$(inherited) @executable_path/../Frameworks @loader_path/Frameworks";
				MACOSX_DEPLOYMENT_TARGET = 10.10;
				PRODUCT_NAME = "$(TARGET_NAME)";
				SDKROOT = macosx;
				SKIP_INSTALL = YES;
				VERSIONING_SYSTEM = "apple-generic";
				VERSION_INFO_PREFIX = "";
			};
			name = Release;
		};
		50B86F401A950C30005D453C /* Debug */ = {
			isa = XCBuildConfiguration;
			buildSettings = {
				COMBINE_HIDPI_IMAGES = YES;
				FRAMEWORK_SEARCH_PATHS = (
					"$(DEVELOPER_FRAMEWORKS_DIR)",
					"$(inherited)",
				);
				GCC_PREPROCESSOR_DEFINITIONS = (
					"DEBUG=1",
					"$(inherited)",
				);
				INFOPLIST_FILE = RMXKitTests/Info.plist;
				LD_RUNPATH_SEARCH_PATHS = "$(inherited) @executable_path/../Frameworks @loader_path/../Frameworks";
				MACOSX_DEPLOYMENT_TARGET = 10.10;
				PRODUCT_NAME = "$(TARGET_NAME)";
				SDKROOT = macosx;
			};
			name = Debug;
		};
		50B86F411A950C30005D453C /* Release */ = {
			isa = XCBuildConfiguration;
			buildSettings = {
				COMBINE_HIDPI_IMAGES = YES;
				DEBUG_INFORMATION_FORMAT = "dwarf-with-dsym";
				FRAMEWORK_SEARCH_PATHS = (
					"$(DEVELOPER_FRAMEWORKS_DIR)",
					"$(inherited)",
				);
				INFOPLIST_FILE = RMXKitTests/Info.plist;
				LD_RUNPATH_SEARCH_PATHS = "$(inherited) @executable_path/../Frameworks @loader_path/../Frameworks";
				MACOSX_DEPLOYMENT_TARGET = 10.10;
				PRODUCT_NAME = "$(TARGET_NAME)";
				SDKROOT = macosx;
			};
			name = Release;
		};
		50DC37A81A923D85006F7DFF /* Debug */ = {
			isa = XCBuildConfiguration;
			buildSettings = {
				ALWAYS_SEARCH_USER_PATHS = NO;
				CLANG_CXX_LANGUAGE_STANDARD = "gnu++0x";
				CLANG_CXX_LIBRARY = "libc++";
				CLANG_ENABLE_MODULES = YES;
				CLANG_ENABLE_OBJC_ARC = YES;
				CLANG_WARN_BOOL_CONVERSION = YES;
				CLANG_WARN_CONSTANT_CONVERSION = YES;
				CLANG_WARN_DIRECT_OBJC_ISA_USAGE = YES_ERROR;
				CLANG_WARN_EMPTY_BODY = YES;
				CLANG_WARN_ENUM_CONVERSION = YES;
				CLANG_WARN_INT_CONVERSION = YES;
				CLANG_WARN_OBJC_ROOT_CLASS = YES_ERROR;
				CLANG_WARN_UNREACHABLE_CODE = YES;
				CLANG_WARN__DUPLICATE_METHOD_MATCH = YES;
				"CODE_SIGN_IDENTITY[sdk=iphoneos*]" = "iPhone Developer";
				COPY_PHASE_STRIP = NO;
				ENABLE_STRICT_OBJC_MSGSEND = YES;
				GCC_C_LANGUAGE_STANDARD = gnu99;
				GCC_DYNAMIC_NO_PIC = NO;
				GCC_OPTIMIZATION_LEVEL = 0;
				GCC_PREPROCESSOR_DEFINITIONS = (
					"DEBUG=1",
					"$(inherited)",
				);
				GCC_SYMBOLS_PRIVATE_EXTERN = NO;
				GCC_WARN_64_TO_32_BIT_CONVERSION = YES;
				GCC_WARN_ABOUT_RETURN_TYPE = YES_ERROR;
				GCC_WARN_UNDECLARED_SELECTOR = YES;
				GCC_WARN_UNINITIALIZED_AUTOS = YES_AGGRESSIVE;
				GCC_WARN_UNUSED_FUNCTION = YES;
				GCC_WARN_UNUSED_VARIABLE = YES;
				IPHONEOS_DEPLOYMENT_TARGET = 8.1;
				MTL_ENABLE_DEBUG_INFO = YES;
				ONLY_ACTIVE_ARCH = YES;
				SDKROOT = iphoneos;
				SWIFT_OPTIMIZATION_LEVEL = "-Onone";
				TARGETED_DEVICE_FAMILY = "1,2";
			};
			name = Debug;
		};
		50DC37A91A923D85006F7DFF /* Release */ = {
			isa = XCBuildConfiguration;
			buildSettings = {
				ALWAYS_SEARCH_USER_PATHS = NO;
				CLANG_CXX_LANGUAGE_STANDARD = "gnu++0x";
				CLANG_CXX_LIBRARY = "libc++";
				CLANG_ENABLE_MODULES = YES;
				CLANG_ENABLE_OBJC_ARC = YES;
				CLANG_WARN_BOOL_CONVERSION = YES;
				CLANG_WARN_CONSTANT_CONVERSION = YES;
				CLANG_WARN_DIRECT_OBJC_ISA_USAGE = YES_ERROR;
				CLANG_WARN_EMPTY_BODY = YES;
				CLANG_WARN_ENUM_CONVERSION = YES;
				CLANG_WARN_INT_CONVERSION = YES;
				CLANG_WARN_OBJC_ROOT_CLASS = YES_ERROR;
				CLANG_WARN_UNREACHABLE_CODE = YES;
				CLANG_WARN__DUPLICATE_METHOD_MATCH = YES;
				"CODE_SIGN_IDENTITY[sdk=iphoneos*]" = "iPhone Developer";
				COPY_PHASE_STRIP = YES;
				ENABLE_NS_ASSERTIONS = NO;
				ENABLE_STRICT_OBJC_MSGSEND = YES;
				GCC_C_LANGUAGE_STANDARD = gnu99;
				GCC_WARN_64_TO_32_BIT_CONVERSION = YES;
				GCC_WARN_ABOUT_RETURN_TYPE = YES_ERROR;
				GCC_WARN_UNDECLARED_SELECTOR = YES;
				GCC_WARN_UNINITIALIZED_AUTOS = YES_AGGRESSIVE;
				GCC_WARN_UNUSED_FUNCTION = YES;
				GCC_WARN_UNUSED_VARIABLE = YES;
				IPHONEOS_DEPLOYMENT_TARGET = 8.1;
				MTL_ENABLE_DEBUG_INFO = NO;
				SDKROOT = iphoneos;
				TARGETED_DEVICE_FAMILY = "1,2";
				VALIDATE_PRODUCT = YES;
			};
			name = Release;
		};
		50DC37AB1A923D85006F7DFF /* Debug */ = {
			isa = XCBuildConfiguration;
			buildSettings = {
				ASSETCATALOG_COMPILER_APPICON_NAME = AppIcon;
				CLANG_ENABLE_MODULES = YES;
				INFOPLIST_FILE = "OC to Swift oGL/Info.plist";
				LD_RUNPATH_SEARCH_PATHS = "$(inherited) @executable_path/Frameworks";
				PRODUCT_NAME = "$(TARGET_NAME)";
				SWIFT_OBJC_BRIDGING_HEADER = "OC to Swift oGL/OC to Swift oGL-Bridging-Header.h";
				SWIFT_OPTIMIZATION_LEVEL = "-Onone";
			};
			name = Debug;
		};
		50DC37AC1A923D85006F7DFF /* Release */ = {
			isa = XCBuildConfiguration;
			buildSettings = {
				ASSETCATALOG_COMPILER_APPICON_NAME = AppIcon;
				CLANG_ENABLE_MODULES = YES;
				INFOPLIST_FILE = "OC to Swift oGL/Info.plist";
				LD_RUNPATH_SEARCH_PATHS = "$(inherited) @executable_path/Frameworks";
				PRODUCT_NAME = "$(TARGET_NAME)";
				SWIFT_OBJC_BRIDGING_HEADER = "OC to Swift oGL/OC to Swift oGL-Bridging-Header.h";
			};
			name = Release;
		};
		50DC37AE1A923D85006F7DFF /* Debug */ = {
			isa = XCBuildConfiguration;
			buildSettings = {
				BUNDLE_LOADER = "$(TEST_HOST)";
				FRAMEWORK_SEARCH_PATHS = (
					"$(SDKROOT)/Developer/Library/Frameworks",
					"$(inherited)",
				);
				GCC_PREPROCESSOR_DEFINITIONS = (
					"DEBUG=1",
					"$(inherited)",
				);
				INFOPLIST_FILE = "OC to Swift oGLTests/Info.plist";
				LD_RUNPATH_SEARCH_PATHS = "$(inherited) @executable_path/Frameworks @loader_path/Frameworks";
				PRODUCT_NAME = "$(TARGET_NAME)";
				TEST_HOST = "$(BUILT_PRODUCTS_DIR)/OC to Swift oGL.app/OC to Swift oGL";
			};
			name = Debug;
		};
		50DC37AF1A923D85006F7DFF /* Release */ = {
			isa = XCBuildConfiguration;
			buildSettings = {
				BUNDLE_LOADER = "$(TEST_HOST)";
				FRAMEWORK_SEARCH_PATHS = (
					"$(SDKROOT)/Developer/Library/Frameworks",
					"$(inherited)",
				);
				INFOPLIST_FILE = "OC to Swift oGLTests/Info.plist";
				LD_RUNPATH_SEARCH_PATHS = "$(inherited) @executable_path/Frameworks @loader_path/Frameworks";
				PRODUCT_NAME = "$(TARGET_NAME)";
				TEST_HOST = "$(BUILT_PRODUCTS_DIR)/OC to Swift oGL.app/OC to Swift oGL";
			};
			name = Release;
		};
/* End XCBuildConfiguration section */

/* Begin XCConfigurationList section */
		50639EAA1A92BE4C00A94E5C /* Build configuration list for PBXNativeTarget "OpenGLES" */ = {
			isa = XCConfigurationList;
			buildConfigurations = (
				50639EA61A92BE4C00A94E5C /* Debug */,
				50639EA71A92BE4C00A94E5C /* Release */,
			);
			defaultConfigurationIsVisible = 0;
			defaultConfigurationName = Release;
		};
		50639EAB1A92BE4C00A94E5C /* Build configuration list for PBXNativeTarget "OpenGLESTests" */ = {
			isa = XCConfigurationList;
			buildConfigurations = (
				50639EA81A92BE4C00A94E5C /* Debug */,
				50639EA91A92BE4C00A94E5C /* Release */,
			);
			defaultConfigurationIsVisible = 0;
			defaultConfigurationName = Release;
		};
		50639ED71A92C00100A94E5C /* Build configuration list for PBXNativeTarget "SKEENkit" */ = {
			isa = XCConfigurationList;
			buildConfigurations = (
				50639ED81A92C00100A94E5C /* Debug */,
				50639ED91A92C00100A94E5C /* Release */,
			);
			defaultConfigurationIsVisible = 0;
			defaultConfigurationName = Release;
		};
		50639EDA1A92C00100A94E5C /* Build configuration list for PBXNativeTarget "SKEENkitTests" */ = {
			isa = XCConfigurationList;
			buildConfigurations = (
				50639EDB1A92C00100A94E5C /* Debug */,
				50639EDC1A92C00100A94E5C /* Release */,
			);
			defaultConfigurationIsVisible = 0;
			defaultConfigurationName = Release;
		};
		50639F081A92C51B00A94E5C /* Build configuration list for PBXNativeTarget "SPReeeeEEETKit" */ = {
			isa = XCConfigurationList;
			buildConfigurations = (
				50639F091A92C51B00A94E5C /* Debug */,
				50639F0A1A92C51B00A94E5C /* Release */,
			);
			defaultConfigurationIsVisible = 0;
			defaultConfigurationName = Release;
		};
		50639F0B1A92C51B00A94E5C /* Build configuration list for PBXNativeTarget "SPReeeeEEETKitTests" */ = {
			isa = XCConfigurationList;
			buildConfigurations = (
				50639F0C1A92C51B00A94E5C /* Debug */,
				50639F0D1A92C51B00A94E5C /* Release */,
			);
			defaultConfigurationIsVisible = 0;
			defaultConfigurationName = Release;
		};
		50639F201A92C9C800A94E5C /* Build configuration list for PBXNativeTarget "kernal" */ = {
			isa = XCConfigurationList;
			buildConfigurations = (
				50639F211A92C9C800A94E5C /* Debug */,
				50639F221A92C9C800A94E5C /* Release */,
			);
			defaultConfigurationIsVisible = 0;
			defaultConfigurationName = Release;
		};
		50B86F1E1A950BE7005D453C /* Build configuration list for PBXNativeTarget "RMX" */ = {
			isa = XCConfigurationList;
			buildConfigurations = (
				50B86F1F1A950BE7005D453C /* Debug */,
				50B86F201A950BE7005D453C /* Release */,
			);
			defaultConfigurationIsVisible = 0;
		};
		50B86F211A950BE7005D453C /* Build configuration list for PBXNativeTarget "RMXTests" */ = {
			isa = XCConfigurationList;
			buildConfigurations = (
				50B86F221A950BE7005D453C /* Debug */,
				50B86F231A950BE7005D453C /* Release */,
			);
			defaultConfigurationIsVisible = 0;
		};
		50B86F3C1A950C30005D453C /* Build configuration list for PBXNativeTarget "RMXKit" */ = {
			isa = XCConfigurationList;
			buildConfigurations = (
				50B86F3D1A950C30005D453C /* Debug */,
				50B86F3E1A950C30005D453C /* Release */,
			);
			defaultConfigurationIsVisible = 0;
		};
		50B86F3F1A950C30005D453C /* Build configuration list for PBXNativeTarget "RMXKitTests" */ = {
			isa = XCConfigurationList;
			buildConfigurations = (
				50B86F401A950C30005D453C /* Debug */,
				50B86F411A950C30005D453C /* Release */,
			);
			defaultConfigurationIsVisible = 0;
		};
		50DC37841A923D85006F7DFF /* Build configuration list for PBXProject "OC to Swift oGL" */ = {
			isa = XCConfigurationList;
			buildConfigurations = (
				50DC37A81A923D85006F7DFF /* Debug */,
				50DC37A91A923D85006F7DFF /* Release */,
			);
			defaultConfigurationIsVisible = 0;
			defaultConfigurationName = Release;
		};
		50DC37AA1A923D85006F7DFF /* Build configuration list for PBXNativeTarget "OC to Swift oGL" */ = {
			isa = XCConfigurationList;
			buildConfigurations = (
				50DC37AB1A923D85006F7DFF /* Debug */,
				50DC37AC1A923D85006F7DFF /* Release */,
			);
			defaultConfigurationIsVisible = 0;
			defaultConfigurationName = Release;
		};
		50DC37AD1A923D85006F7DFF /* Build configuration list for PBXNativeTarget "OC to Swift oGLTests" */ = {
			isa = XCConfigurationList;
			buildConfigurations = (
				50DC37AE1A923D85006F7DFF /* Debug */,
				50DC37AF1A923D85006F7DFF /* Release */,
			);
			defaultConfigurationIsVisible = 0;
			defaultConfigurationName = Release;
		};
/* End XCConfigurationList section */
	};
	rootObject = 50DC37811A923D85006F7DFF /* Project object */;
}
